// !$*UTF8*$!
{
	archiveVersion = 1;
	classes = {
	};
	objectVersion = 46;
	objects = {

/* Begin PBXBuildFile section */
		A4134CD7191A304F00833B10 /* Foundation.framework in Frameworks */ = {isa = PBXBuildFile; fileRef = A4134CD6191A304F00833B10 /* Foundation.framework */; };
		A4134CD9191A304F00833B10 /* CoreGraphics.framework in Frameworks */ = {isa = PBXBuildFile; fileRef = A4134CD8191A304F00833B10 /* CoreGraphics.framework */; };
		A4134CDB191A304F00833B10 /* UIKit.framework in Frameworks */ = {isa = PBXBuildFile; fileRef = A4134CDA191A304F00833B10 /* UIKit.framework */; };
		A4134CE1191A304F00833B10 /* InfoPlist.strings in Resources */ = {isa = PBXBuildFile; fileRef = A4134CDF191A304F00833B10 /* InfoPlist.strings */; };
		A4134CE3191A304F00833B10 /* main.m in Sources */ = {isa = PBXBuildFile; fileRef = A4134CE2191A304F00833B10 /* main.m */; };
		A4134CE7191A304F00833B10 /* UICodeAppDelegate.m in Sources */ = {isa = PBXBuildFile; fileRef = A4134CE6191A304F00833B10 /* UICodeAppDelegate.m */; };
		A4134CE9191A304F00833B10 /* Images.xcassets in Resources */ = {isa = PBXBuildFile; fileRef = A4134CE8191A304F00833B10 /* Images.xcassets */; };
		A4134CF0191A304F00833B10 /* XCTest.framework in Frameworks */ = {isa = PBXBuildFile; fileRef = A4134CEF191A304F00833B10 /* XCTest.framework */; };
		A4134CF1191A304F00833B10 /* Foundation.framework in Frameworks */ = {isa = PBXBuildFile; fileRef = A4134CD6191A304F00833B10 /* Foundation.framework */; };
		A4134CF2191A304F00833B10 /* UIKit.framework in Frameworks */ = {isa = PBXBuildFile; fileRef = A4134CDA191A304F00833B10 /* UIKit.framework */; };
		A4134CFA191A304F00833B10 /* InfoPlist.strings in Resources */ = {isa = PBXBuildFile; fileRef = A4134CF8191A304F00833B10 /* InfoPlist.strings */; };
		A4134CFC191A304F00833B10 /* UIViewUIImageViewUILabelTests.m in Sources */ = {isa = PBXBuildFile; fileRef = A4134CFB191A304F00833B10 /* UIViewUIImageViewUILabelTests.m */; };
		A4134D07191A308B00833B10 /* MyViewController.m in Sources */ = {isa = PBXBuildFile; fileRef = A4134D06191A308B00833B10 /* MyViewController.m */; };
/* End PBXBuildFile section */

/* Begin PBXContainerItemProxy section */
		A4134CF3191A304F00833B10 /* PBXContainerItemProxy */ = {
			isa = PBXContainerItemProxy;
			containerPortal = A4134CCB191A304F00833B10 /* Project object */;
			proxyType = 1;
			remoteGlobalIDString = A4134CD2191A304F00833B10;
			remoteInfo = UIViewUIImageViewUILabel;
		};
/* End PBXContainerItemProxy section */

/* Begin PBXFileReference section */
		A4134CD3191A304F00833B10 /* UIViewUIImageViewUILabel.app */ = {isa = PBXFileReference; explicitFileType = wrapper.application; includeInIndex = 0; path = UIViewUIImageViewUILabel.app; sourceTree = BUILT_PRODUCTS_DIR; };
		A4134CD6191A304F00833B10 /* Foundation.framework */ = {isa = PBXFileReference; lastKnownFileType = wrapper.framework; name = Foundation.framework; path = System/Library/Frameworks/Foundation.framework; sourceTree = SDKROOT; };
		A4134CD8191A304F00833B10 /* CoreGraphics.framework */ = {isa = PBXFileReference; lastKnownFileType = wrapper.framework; name = CoreGraphics.framework; path = System/Library/Frameworks/CoreGraphics.framework; sourceTree = SDKROOT; };
		A4134CDA191A304F00833B10 /* UIKit.framework */ = {isa = PBXFileReference; lastKnownFileType = wrapper.framework; name = UIKit.framework; path = System/Library/Frameworks/UIKit.framework; sourceTree = SDKROOT; };
		A4134CDE191A304F00833B10 /* UIViewUIImageViewUILabel-Info.plist */ = {isa = PBXFileReference; lastKnownFileType = text.plist.xml; path = "UIViewUIImageViewUILabel-Info.plist"; sourceTree = "<group>"; };
		A4134CE0191A304F00833B10 /* en */ = {isa = PBXFileReference; lastKnownFileType = text.plist.strings; name = en; path = en.lproj/InfoPlist.strings; sourceTree = "<group>"; };
		A4134CE2191A304F00833B10 /* main.m */ = {isa = PBXFileReference; lastKnownFileType = sourcecode.c.objc; path = main.m; sourceTree = "<group>"; };
		A4134CE4191A304F00833B10 /* UIViewUIImageViewUILabel-Prefix.pch */ = {isa = PBXFileReference; lastKnownFileType = sourcecode.c.h; path = "UIViewUIImageViewUILabel-Prefix.pch"; sourceTree = "<group>"; };
		A4134CE5191A304F00833B10 /* UICodeAppDelegate.h */ = {isa = PBXFileReference; lastKnownFileType = sourcecode.c.h; path = UICodeAppDelegate.h; sourceTree = "<group>"; };
		A4134CE6191A304F00833B10 /* UICodeAppDelegate.m */ = {isa = PBXFileReference; lastKnownFileType = sourcecode.c.objc; path = UICodeAppDelegate.m; sourceTree = "<group>"; };
		A4134CE8191A304F00833B10 /* Images.xcassets */ = {isa = PBXFileReference; lastKnownFileType = folder.assetcatalog; path = Images.xcassets; sourceTree = "<group>"; };
		A4134CEE191A304F00833B10 /* UIViewUIImageViewUILabelTests.xctest */ = {isa = PBXFileReference; explicitFileType = wrapper.cfbundle; includeInIndex = 0; path = UIViewUIImageViewUILabelTests.xctest; sourceTree = BUILT_PRODUCTS_DIR; };
		A4134CEF191A304F00833B10 /* XCTest.framework */ = {isa = PBXFileReference; lastKnownFileType = wrapper.framework; name = XCTest.framework; path = Library/Frameworks/XCTest.framework; sourceTree = DEVELOPER_DIR; };
		A4134CF7191A304F00833B10 /* UIViewUIImageViewUILabelTests-Info.plist */ = {isa = PBXFileReference; lastKnownFileType = text.plist.xml; path = "UIViewUIImageViewUILabelTests-Info.plist"; sourceTree = "<group>"; };
		A4134CF9191A304F00833B10 /* en */ = {isa = PBXFileReference; lastKnownFileType = text.plist.strings; name = en; path = en.lproj/InfoPlist.strings; sourceTree = "<group>"; };
		A4134CFB191A304F00833B10 /* UIViewUIImageViewUILabelTests.m */ = {isa = PBXFileReference; lastKnownFileType = sourcecode.c.objc; path = UIViewUIImageViewUILabelTests.m; sourceTree = "<group>"; };
		A4134D05191A308B00833B10 /* MyViewController.h */ = {isa = PBXFileReference; fileEncoding = 4; lastKnownFileType = sourcecode.c.h; path = MyViewController.h; sourceTree = "<group>"; };
		A4134D06191A308B00833B10 /* MyViewController.m */ = {isa = PBXFileReference; fileEncoding = 4; lastKnownFileType = sourcecode.c.objc; path = MyViewController.m; sourceTree = "<group>"; };
/* End PBXFileReference section */

/* Begin PBXFrameworksBuildPhase section */
		A4134CD0191A304F00833B10 /* Frameworks */ = {
			isa = PBXFrameworksBuildPhase;
			buildActionMask = 2147483647;
			files = (
				A4134CD9191A304F00833B10 /* CoreGraphics.framework in Frameworks */,
				A4134CDB191A304F00833B10 /* UIKit.framework in Frameworks */,
				A4134CD7191A304F00833B10 /* Foundation.framework in Frameworks */,
			);
			runOnlyForDeploymentPostprocessing = 0;
		};
		A4134CEB191A304F00833B10 /* Frameworks */ = {
			isa = PBXFrameworksBuildPhase;
			buildActionMask = 2147483647;
			files = (
				A4134CF0191A304F00833B10 /* XCTest.framework in Frameworks */,
				A4134CF2191A304F00833B10 /* UIKit.framework in Frameworks */,
				A4134CF1191A304F00833B10 /* Foundation.framework in Frameworks */,
			);
			runOnlyForDeploymentPostprocessing = 0;
		};
/* End PBXFrameworksBuildPhase section */

/* Begin PBXGroup section */
		A4134CCA191A304F00833B10 = {
			isa = PBXGroup;
			children = (
				A4134CDC191A304F00833B10 /* UIViewUIImageViewUILabel */,
				A4134CF5191A304F00833B10 /* UIViewUIImageViewUILabelTests */,
				A4134CD5191A304F00833B10 /* Frameworks */,
				A4134CD4191A304F00833B10 /* Products */,
			);
			sourceTree = "<group>";
		};
		A4134CD4191A304F00833B10 /* Products */ = {
			isa = PBXGroup;
			children = (
				A4134CD3191A304F00833B10 /* UIViewUIImageViewUILabel.app */,
				A4134CEE191A304F00833B10 /* UIViewUIImageViewUILabelTests.xctest */,
			);
			name = Products;
			sourceTree = "<group>";
		};
		A4134CD5191A304F00833B10 /* Frameworks */ = {
			isa = PBXGroup;
			children = (
				A4134CD6191A304F00833B10 /* Foundation.framework */,
				A4134CD8191A304F00833B10 /* CoreGraphics.framework */,
				A4134CDA191A304F00833B10 /* UIKit.framework */,
				A4134CEF191A304F00833B10 /* XCTest.framework */,
			);
			name = Frameworks;
			sourceTree = "<group>";
		};
		A4134CDC191A304F00833B10 /* UIViewUIImageViewUILabel */ = {
			isa = PBXGroup;
			children = (
				A4134CE5191A304F00833B10 /* UICodeAppDelegate.h */,
				A4134CE6191A304F00833B10 /* UICodeAppDelegate.m */,
				A4134D05191A308B00833B10 /* MyViewController.h */,
				A4134D06191A308B00833B10 /* MyViewController.m */,
				A4134CE8191A304F00833B10 /* Images.xcassets */,
				A4134CDD191A304F00833B10 /* Supporting Files */,
			);
			path = UIViewUIImageViewUILabel;
			sourceTree = "<group>";
		};
		A4134CDD191A304F00833B10 /* Supporting Files */ = {
			isa = PBXGroup;
			children = (
				A4134CDE191A304F00833B10 /* UIViewUIImageViewUILabel-Info.plist */,
				A4134CDF191A304F00833B10 /* InfoPlist.strings */,
				A4134CE2191A304F00833B10 /* main.m */,
				A4134CE4191A304F00833B10 /* UIViewUIImageViewUILabel-Prefix.pch */,
			);
			name = "Supporting Files";
			sourceTree = "<group>";
		};
		A4134CF5191A304F00833B10 /* UIViewUIImageViewUILabelTests */ = {
			isa = PBXGroup;
			children = (
				A4134CFB191A304F00833B10 /* UIViewUIImageViewUILabelTests.m */,
				A4134CF6191A304F00833B10 /* Supporting Files */,
			);
			path = UIViewUIImageViewUILabelTests;
			sourceTree = "<group>";
		};
		A4134CF6191A304F00833B10 /* Supporting Files */ = {
			isa = PBXGroup;
			children = (
				A4134CF7191A304F00833B10 /* UIViewUIImageViewUILabelTests-Info.plist */,
				A4134CF8191A304F00833B10 /* InfoPlist.strings */,
			);
			name = "Supporting Files";
			sourceTree = "<group>";
		};
/* End PBXGroup section */

/* Begin PBXNativeTarget section */
		A4134CD2191A304F00833B10 /* UIViewUIImageViewUILabel */ = {
			isa = PBXNativeTarget;
			buildConfigurationList = A4134CFF191A304F00833B10 /* Build configuration list for PBXNativeTarget "UIViewUIImageViewUILabel" */;
			buildPhases = (
				A4134CCF191A304F00833B10 /* Sources */,
				A4134CD0191A304F00833B10 /* Frameworks */,
				A4134CD1191A304F00833B10 /* Resources */,
			);
			buildRules = (
			);
			dependencies = (
			);
			name = UIViewUIImageViewUILabel;
			productName = UIViewUIImageViewUILabel;
			productReference = A4134CD3191A304F00833B10 /* UIViewUIImageViewUILabel.app */;
			productType = "com.apple.product-type.application";
		};
		A4134CED191A304F00833B10 /* UIViewUIImageViewUILabelTests */ = {
			isa = PBXNativeTarget;
			buildConfigurationList = A4134D02191A304F00833B10 /* Build configuration list for PBXNativeTarget "UIViewUIImageViewUILabelTests" */;
			buildPhases = (
				A4134CEA191A304F00833B10 /* Sources */,
				A4134CEB191A304F00833B10 /* Frameworks */,
				A4134CEC191A304F00833B10 /* Resources */,
			);
			buildRules = (
			);
			dependencies = (
				A4134CF4191A304F00833B10 /* PBXTargetDependency */,
			);
			name = UIViewUIImageViewUILabelTests;
			productName = UIViewUIImageViewUILabelTests;
			productReference = A4134CEE191A304F00833B10 /* UIViewUIImageViewUILabelTests.xctest */;
			productType = "com.apple.product-type.bundle.unit-test";
		};
/* End PBXNativeTarget section */

/* Begin PBXProject section */
		A4134CCB191A304F00833B10 /* Project object */ = {
			isa = PBXProject;
			attributes = {
				CLASSPREFIX = UICode;
				LastUpgradeCheck = 0510;
				ORGANIZATIONNAME = "panda zheng";
				TargetAttributes = {
					A4134CED191A304F00833B10 = {
						TestTargetID = A4134CD2191A304F00833B10;
					};
				};
			};
			buildConfigurationList = A4134CCE191A304F00833B10 /* Build configuration list for PBXProject "UIViewUIImageViewUILabel" */;
			compatibilityVersion = "Xcode 3.2";
			developmentRegion = English;
			hasScannedForEncodings = 0;
			knownRegions = (
				en,
			);
			mainGroup = A4134CCA191A304F00833B10;
			productRefGroup = A4134CD4191A304F00833B10 /* Products */;
			projectDirPath = "";
			projectRoot = "";
			targets = (
				A4134CD2191A304F00833B10 /* UIViewUIImageViewUILabel */,
				A4134CED191A304F00833B10 /* UIViewUIImageViewUILabelTests */,
			);
		};
/* End PBXProject section */

/* Begin PBXResourcesBuildPhase section */
		A4134CD1191A304F00833B10 /* Resources */ = {
			isa = PBXResourcesBuildPhase;
			buildActionMask = 2147483647;
			files = (
				A4134CE1191A304F00833B10 /* InfoPlist.strings in Resources */,
				A4134CE9191A304F00833B10 /* Images.xcassets in Resources */,
			);
			runOnlyForDeploymentPostprocessing = 0;
		};
		A4134CEC191A304F00833B10 /* Resources */ = {
			isa = PBXResourcesBuildPhase;
			buildActionMask = 2147483647;
			files = (
				A4134CFA191A304F00833B10 /* InfoPlist.strings in Resources */,
			);
			runOnlyForDeploymentPostprocessing = 0;
		};
/* End PBXResourcesBuildPhase section */

/* Begin PBXSourcesBuildPhase section */
		A4134CCF191A304F00833B10 /* Sources */ = {
			isa = PBXSourcesBuildPhase;
			buildActionMask = 2147483647;
			files = (
				A4134D07191A308B00833B10 /* MyViewController.m in Sources */,
				A4134CE3191A304F00833B10 /* main.m in Sources */,
				A4134CE7191A304F00833B10 /* UICodeAppDelegate.m in Sources */,
			);
			runOnlyForDeploymentPostprocessing = 0;
		};
		A4134CEA191A304F00833B10 /* Sources */ = {
			isa = PBXSourcesBuildPhase;
			buildActionMask = 2147483647;
			files = (
				A4134CFC191A304F00833B10 /* UIViewUIImageViewUILabelTests.m in Sources */,
			);
			runOnlyForDeploymentPostprocessing = 0;
		};
/* End PBXSourcesBuildPhase section */

/* Begin PBXTargetDependency section */
		A4134CF4191A304F00833B10 /* PBXTargetDependency */ = {
			isa = PBXTargetDependency;
			target = A4134CD2191A304F00833B10 /* UIViewUIImageViewUILabel */;
			targetProxy = A4134CF3191A304F00833B10 /* PBXContainerItemProxy */;
		};
/* End PBXTargetDependency section */

/* Begin PBXVariantGroup section */
		A4134CDF191A304F00833B10 /* InfoPlist.strings */ = {
			isa = PBXVariantGroup;
			children = (
				A4134CE0191A304F00833B10 /* en */,
			);
			name = InfoPlist.strings;
			sourceTree = "<group>";
		};
		A4134CF8191A304F00833B10 /* InfoPlist.strings */ = {
			isa = PBXVariantGroup;
			children = (
				A4134CF9191A304F00833B10 /* en */,
			);
			name = InfoPlist.strings;
			sourceTree = "<group>";
		};
/* End PBXVariantGroup section */

/* Begin XCBuildConfiguration section */
		A4134CFD191A304F00833B10 /* Debug */ = {
			isa = XCBuildConfiguration;
			buildSettings = {
				ALWAYS_SEARCH_USER_PATHS = NO;
				CLANG_CXX_LANGUAGE_STANDARD = "gnu++0x";
				CLANG_CXX_LIBRARY = "libc++";
				CLANG_ENABLE_MODULES = YES;
				CLANG_ENABLE_OBJC_ARC = YES;
				CLANG_WARN_BOOL_CONVERSION = YES;
				CLANG_WARN_CONSTANT_CONVERSION = YES;
				CLANG_WARN_DIRECT_OBJC_ISA_USAGE = YES_ERROR;
				CLANG_WARN_EMPTY_BODY = YES;
				CLANG_WARN_ENUM_CONVERSION = YES;
				CLANG_WARN_INT_CONVERSION = YES;
				CLANG_WARN_OBJC_ROOT_CLASS = YES_ERROR;
				CLANG_WARN__DUPLICATE_METHOD_MATCH = YES;
				"CODE_SIGN_IDENTITY[sdk=iphoneos*]" = "iPhone Developer";
				COPY_PHASE_STRIP = NO;
				GCC_C_LANGUAGE_STANDARD = gnu99;
				GCC_DYNAMIC_NO_PIC = NO;
				GCC_OPTIMIZATION_LEVEL = 0;
				GCC_PREPROCESSOR_DEFINITIONS = (
					"DEBUG=1",
					"$(inherited)",
				);
				GCC_SYMBOLS_PRIVATE_EXTERN = NO;
				GCC_WARN_64_TO_32_BIT_CONVERSION = YES;
				GCC_WARN_ABOUT_RETURN_TYPE = YES_ERROR;
				GCC_WARN_UNDECLARED_SELECTOR = YES;
				GCC_WARN_UNINITIALIZED_AUTOS = YES_AGGRESSIVE;
				GCC_WARN_UNUSED_FUNCTION = YES;
				GCC_WARN_UNUSED_VARIABLE = YES;
				IPHONEOS_DEPLOYMENT_TARGET = 7.1;
				ONLY_ACTIVE_ARCH = YES;
				SDKROOT = iphoneos;
				TARGETED_DEVICE_FAMILY = "1,2";
			};
			name = Debug;
		};
		A4134CFE191A304F00833B10 /* Release */ = {
			isa = XCBuildConfiguration;
			buildSettings = {
				ALWAYS_SEARCH_USER_PATHS = NO;
				CLANG_CXX_LANGUAGE_STANDARD = "gnu++0x";
				CLANG_CXX_LIBRARY = "libc++";
				CLANG_ENABLE_MODULES = YES;
				CLANG_ENABLE_OBJC_ARC = YES;
				CLANG_WARN_BOOL_CONVERSION = YES;
				CLANG_WARN_CONSTANT_CONVERSION = YES;
				CLANG_WARN_DIRECT_OBJC_ISA_USAGE = YES_ERROR;
				CLANG_WARN_EMPTY_BODY = YES;
				CLANG_WARN_ENUM_CONVERSION = YES;
				CLANG_WARN_INT_CONVERSION = YES;
				CLANG_WARN_OBJC_ROOT_CLASS = YES_ERROR;
				CLANG_WARN__DUPLICATE_METHOD_MATCH = YES;
				"CODE_SIGN_IDENTITY[sdk=iphoneos*]" = "iPhone Developer";
				COPY_PHASE_STRIP = YES;
				ENABLE_NS_ASSERTIONS = NO;
				GCC_C_LANGUAGE_STANDARD = gnu99;
				GCC_WARN_64_TO_32_BIT_CONVERSION = YES;
				GCC_WARN_ABOUT_RETURN_TYPE = YES_ERROR;
				GCC_WARN_UNDECLARED_SELECTOR = YES;
				GCC_WARN_UNINITIALIZED_AUTOS = YES_AGGRESSIVE;
				GCC_WARN_UNUSED_FUNCTION = YES;
				GCC_WARN_UNUSED_VARIABLE = YES;
				IPHONEOS_DEPLOYMENT_TARGET = 7.1;
				SDKROOT = iphoneos;
				TARGETED_DEVICE_FAMILY = "1,2";
				VALIDATE_PRODUCT = YES;
			};
			name = Release;
		};
		A4134D00191A304F00833B10 /* Debug */ = {
			isa = XCBuildConfiguration;
			buildSettings = {
				ASSETCATALOG_COMPILER_APPICON_NAME = AppIcon;
				ASSETCATALOG_COMPILER_LAUNCHIMAGE_NAME = LaunchImage;
				GCC_PRECOMPILE_PREFIX_HEADER = YES;
				GCC_PREFIX_HEADER = "UIViewUIImageViewUILabel/UIViewUIImageViewUILabel-Prefix.pch";
				INFOPLIST_FILE = "UIViewUIImageViewUILabel/UIViewUIImageViewUILabel-Info.plist";
				PRODUCT_NAME = "$(TARGET_NAME)";
				WRAPPER_EXTENSION = app;
			};
			name = Debug;
		};
		A4134D01191A304F00833B10 /* Release */ = {
			isa = XCBuildConfiguration;
			buildSettings = {
				ASSETCATALOG_COMPILER_APPICON_NAME = AppIcon;
				ASSETCATALOG_COMPILER_LAUNCHIMAGE_NAME = LaunchImage;
				GCC_PRECOMPILE_PREFIX_HEADER = YES;
				GCC_PREFIX_HEADER = "UIViewUIImageViewUILabel/UIViewUIImageViewUILabel-Prefix.pch";
				INFOPLIST_FILE = "UIViewUIImageViewUILabel/UIViewUIImageViewUILabel-Info.plist";
				PRODUCT_NAME = "$(TARGET_NAME)";
				WRAPPER_EXTENSION = app;
			};
			name = Release;
		};
		A4134D03191A304F00833B10 /* Debug */ = {
			isa = XCBuildConfiguration;
			buildSettings = {
				BUNDLE_LOADER = "$(BUILT_PRODUCTS_DIR)/UIViewUIImageViewUILabel.app/UIViewUIImageViewUILabel";
				FRAMEWORK_SEARCH_PATHS = (
					"$(SDKROOT)/Developer/Library/Frameworks",
					"$(inherited)",
					"$(DEVELOPER_FRAMEWORKS_DIR)",
				);
				GCC_PRECOMPILE_PREFIX_HEADER = YES;
				GCC_PREFIX_HEADER = "UIViewUIImageViewUILabel/UIViewUIImageViewUILabel-Prefix.pch";
				GCC_PREPROCESSOR_DEFINITIONS = (
					"DEBUG=1",
					"$(inherited)",
				);
				INFOPLIST_FILE = "UIViewUIImageViewUILabelTests/UIViewUIImageViewUILabelTests-Info.plist";
				PRODUCT_NAME = "$(TARGET_NAME)";
				TEST_HOST = "$(BUNDLE_LOADER)";
				WRAPPER_EXTENSION = xctest;
			};
			name = Debug;
		};
		A4134D04191A304F00833B10 /* Release */ = {
			isa = XCBuildConfiguration;
			buildSettings = {
				BUNDLE_LOADER = "$(BUILT_PRODUCTS_DIR)/UIViewUIImageViewUILabel.app/UIViewUIImageViewUILabel";
				FRAMEWORK_SEARCH_PATHS = (
					"$(SDKROOT)/Developer/Library/Frameworks",
					"$(inherited)",
					"$(DEVELOPER_FRAMEWORKS_DIR)",
				);
				GCC_PRECOMPILE_PREFIX_HEADER = YES;
				GCC_PREFIX_HEADER = "UIViewUIImageViewUILabel/UIViewUIImageViewUILabel-Prefix.pch";
				INFOPLIST_FILE = "UIViewUIImageViewUILabelTests/UIViewUIImageViewUILabelTests-Info.plist";
				PRODUCT_NAME = "$(TARGET_NAME)";
				TEST_HOST = "$(BUNDLE_LOADER)";
				WRAPPER_EXTENSION = xctest;
			};
			name = Release;
		};
/* End XCBuildConfiguration section */

/* Begin XCConfigurationList section */
		A4134CCE191A304F00833B10 /* Build configuration list for PBXProject "UIViewUIImageViewUILabel" */ = {
			isa = XCConfigurationList;
			buildConfigurations = (
				A4134CFD191A304F00833B10 /* Debug */,
				A4134CFE191A304F00833B10 /* Release */,
			);
			defaultConfigurationIsVisible = 0;
			defaultConfigurationName = Release;
		};
		A4134CFF191A304F00833B10 /* Build configuration list for PBXNativeTarget "UIViewUIImageViewUILabel" */ = {
			isa = XCConfigurationList;
			buildConfigurations = (
				A4134D00191A304F00833B10 /* Debug */,
				A4134D01191A304F00833B10 /* Release */,
			);
			defaultConfigurationIsVisible = 0;
		};
		A4134D02191A304F00833B10 /* Build configuration list for PBXNativeTarget "UIViewUIImageViewUILabelTests" */ = {
			isa = XCConfigurationList;
			buildConfigurations = (
				A4134D03191A304F00833B10 /* Debug */,
				A4134D04191A304F00833B10 /* Release */,
			);
			defaultConfigurationIsVisible = 0;
		};
/* End XCConfigurationList section */
	};
	rootObject = A4134CCB191A304F00833B10 /* Project object */;
}
