// !$*UTF8*$!
{
	archiveVersion = 1;
	classes = {
	};
	objectVersion = 46;
	objects = {

/* Begin PBXBuildFile section */
		A47FF48B191DAF29007A5D47 /* Foundation.framework in Frameworks */ = {isa = PBXBuildFile; fileRef = A47FF48A191DAF29007A5D47 /* Foundation.framework */; };
		A47FF48D191DAF29007A5D47 /* CoreGraphics.framework in Frameworks */ = {isa = PBXBuildFile; fileRef = A47FF48C191DAF29007A5D47 /* CoreGraphics.framework */; };
		A47FF48F191DAF29007A5D47 /* UIKit.framework in Frameworks */ = {isa = PBXBuildFile; fileRef = A47FF48E191DAF29007A5D47 /* UIKit.framework */; };
		A47FF495191DAF29007A5D47 /* InfoPlist.strings in Resources */ = {isa = PBXBuildFile; fileRef = A47FF493191DAF29007A5D47 /* InfoPlist.strings */; };
		A47FF497191DAF29007A5D47 /* main.m in Sources */ = {isa = PBXBuildFile; fileRef = A47FF496191DAF29007A5D47 /* main.m */; };
		A47FF49B191DAF29007A5D47 /* UICodeAppDelegate.m in Sources */ = {isa = PBXBuildFile; fileRef = A47FF49A191DAF29007A5D47 /* UICodeAppDelegate.m */; };
		A47FF49D191DAF2A007A5D47 /* Images.xcassets in Resources */ = {isa = PBXBuildFile; fileRef = A47FF49C191DAF2A007A5D47 /* Images.xcassets */; };
		A47FF4A4191DAF2A007A5D47 /* XCTest.framework in Frameworks */ = {isa = PBXBuildFile; fileRef = A47FF4A3191DAF2A007A5D47 /* XCTest.framework */; };
		A47FF4A5191DAF2A007A5D47 /* Foundation.framework in Frameworks */ = {isa = PBXBuildFile; fileRef = A47FF48A191DAF29007A5D47 /* Foundation.framework */; };
		A47FF4A6191DAF2A007A5D47 /* UIKit.framework in Frameworks */ = {isa = PBXBuildFile; fileRef = A47FF48E191DAF29007A5D47 /* UIKit.framework */; };
		A47FF4AE191DAF2A007A5D47 /* InfoPlist.strings in Resources */ = {isa = PBXBuildFile; fileRef = A47FF4AC191DAF2A007A5D47 /* InfoPlist.strings */; };
		A47FF4B0191DAF2A007A5D47 /* TableViewGroup2Tests.m in Sources */ = {isa = PBXBuildFile; fileRef = A47FF4AF191DAF2A007A5D47 /* TableViewGroup2Tests.m */; };
		A47FF4BB191DAF7C007A5D47 /* MyViewController.m in Sources */ = {isa = PBXBuildFile; fileRef = A47FF4BA191DAF7C007A5D47 /* MyViewController.m */; };
/* End PBXBuildFile section */

/* Begin PBXContainerItemProxy section */
		A47FF4A7191DAF2A007A5D47 /* PBXContainerItemProxy */ = {
			isa = PBXContainerItemProxy;
			containerPortal = A47FF47F191DAF29007A5D47 /* Project object */;
			proxyType = 1;
			remoteGlobalIDString = A47FF486191DAF29007A5D47;
			remoteInfo = TableViewGroup2;
		};
/* End PBXContainerItemProxy section */

/* Begin PBXFileReference section */
		A47FF487191DAF29007A5D47 /* TableViewGroup2.app */ = {isa = PBXFileReference; explicitFileType = wrapper.application; includeInIndex = 0; path = TableViewGroup2.app; sourceTree = BUILT_PRODUCTS_DIR; };
		A47FF48A191DAF29007A5D47 /* Foundation.framework */ = {isa = PBXFileReference; lastKnownFileType = wrapper.framework; name = Foundation.framework; path = System/Library/Frameworks/Foundation.framework; sourceTree = SDKROOT; };
		A47FF48C191DAF29007A5D47 /* CoreGraphics.framework */ = {isa = PBXFileReference; lastKnownFileType = wrapper.framework; name = CoreGraphics.framework; path = System/Library/Frameworks/CoreGraphics.framework; sourceTree = SDKROOT; };
		A47FF48E191DAF29007A5D47 /* UIKit.framework */ = {isa = PBXFileReference; lastKnownFileType = wrapper.framework; name = UIKit.framework; path = System/Library/Frameworks/UIKit.framework; sourceTree = SDKROOT; };
		A47FF492191DAF29007A5D47 /* TableViewGroup2-Info.plist */ = {isa = PBXFileReference; lastKnownFileType = text.plist.xml; path = "TableViewGroup2-Info.plist"; sourceTree = "<group>"; };
		A47FF494191DAF29007A5D47 /* en */ = {isa = PBXFileReference; lastKnownFileType = text.plist.strings; name = en; path = en.lproj/InfoPlist.strings; sourceTree = "<group>"; };
		A47FF496191DAF29007A5D47 /* main.m */ = {isa = PBXFileReference; lastKnownFileType = sourcecode.c.objc; path = main.m; sourceTree = "<group>"; };
		A47FF498191DAF29007A5D47 /* TableViewGroup2-Prefix.pch */ = {isa = PBXFileReference; lastKnownFileType = sourcecode.c.h; path = "TableViewGroup2-Prefix.pch"; sourceTree = "<group>"; };
		A47FF499191DAF29007A5D47 /* UICodeAppDelegate.h */ = {isa = PBXFileReference; lastKnownFileType = sourcecode.c.h; path = UICodeAppDelegate.h; sourceTree = "<group>"; };
		A47FF49A191DAF29007A5D47 /* UICodeAppDelegate.m */ = {isa = PBXFileReference; lastKnownFileType = sourcecode.c.objc; path = UICodeAppDelegate.m; sourceTree = "<group>"; };
		A47FF49C191DAF2A007A5D47 /* Images.xcassets */ = {isa = PBXFileReference; lastKnownFileType = folder.assetcatalog; path = Images.xcassets; sourceTree = "<group>"; };
		A47FF4A2191DAF2A007A5D47 /* TableViewGroup2Tests.xctest */ = {isa = PBXFileReference; explicitFileType = wrapper.cfbundle; includeInIndex = 0; path = TableViewGroup2Tests.xctest; sourceTree = BUILT_PRODUCTS_DIR; };
		A47FF4A3191DAF2A007A5D47 /* XCTest.framework */ = {isa = PBXFileReference; lastKnownFileType = wrapper.framework; name = XCTest.framework; path = Library/Frameworks/XCTest.framework; sourceTree = DEVELOPER_DIR; };
		A47FF4AB191DAF2A007A5D47 /* TableViewGroup2Tests-Info.plist */ = {isa = PBXFileReference; lastKnownFileType = text.plist.xml; path = "TableViewGroup2Tests-Info.plist"; sourceTree = "<group>"; };
		A47FF4AD191DAF2A007A5D47 /* en */ = {isa = PBXFileReference; lastKnownFileType = text.plist.strings; name = en; path = en.lproj/InfoPlist.strings; sourceTree = "<group>"; };
		A47FF4AF191DAF2A007A5D47 /* TableViewGroup2Tests.m */ = {isa = PBXFileReference; lastKnownFileType = sourcecode.c.objc; path = TableViewGroup2Tests.m; sourceTree = "<group>"; };
		A47FF4B9191DAF7C007A5D47 /* MyViewController.h */ = {isa = PBXFileReference; fileEncoding = 4; lastKnownFileType = sourcecode.c.h; path = MyViewController.h; sourceTree = "<group>"; };
		A47FF4BA191DAF7C007A5D47 /* MyViewController.m */ = {isa = PBXFileReference; fileEncoding = 4; lastKnownFileType = sourcecode.c.objc; path = MyViewController.m; sourceTree = "<group>"; };
/* End PBXFileReference section */

/* Begin PBXFrameworksBuildPhase section */
		A47FF484191DAF29007A5D47 /* Frameworks */ = {
			isa = PBXFrameworksBuildPhase;
			buildActionMask = 2147483647;
			files = (
				A47FF48D191DAF29007A5D47 /* CoreGraphics.framework in Frameworks */,
				A47FF48F191DAF29007A5D47 /* UIKit.framework in Frameworks */,
				A47FF48B191DAF29007A5D47 /* Foundation.framework in Frameworks */,
			);
			runOnlyForDeploymentPostprocessing = 0;
		};
		A47FF49F191DAF2A007A5D47 /* Frameworks */ = {
			isa = PBXFrameworksBuildPhase;
			buildActionMask = 2147483647;
			files = (
				A47FF4A4191DAF2A007A5D47 /* XCTest.framework in Frameworks */,
				A47FF4A6191DAF2A007A5D47 /* UIKit.framework in Frameworks */,
				A47FF4A5191DAF2A007A5D47 /* Foundation.framework in Frameworks */,
			);
			runOnlyForDeploymentPostprocessing = 0;
		};
/* End PBXFrameworksBuildPhase section */

/* Begin PBXGroup section */
		A47FF47E191DAF29007A5D47 = {
			isa = PBXGroup;
			children = (
				A47FF490191DAF29007A5D47 /* TableViewGroup2 */,
				A47FF4A9191DAF2A007A5D47 /* TableViewGroup2Tests */,
				A47FF489191DAF29007A5D47 /* Frameworks */,
				A47FF488191DAF29007A5D47 /* Products */,
			);
			sourceTree = "<group>";
		};
		A47FF488191DAF29007A5D47 /* Products */ = {
			isa = PBXGroup;
			children = (
				A47FF487191DAF29007A5D47 /* TableViewGroup2.app */,
				A47FF4A2191DAF2A007A5D47 /* TableViewGroup2Tests.xctest */,
			);
			name = Products;
			sourceTree = "<group>";
		};
		A47FF489191DAF29007A5D47 /* Frameworks */ = {
			isa = PBXGroup;
			children = (
				A47FF48A191DAF29007A5D47 /* Foundation.framework */,
				A47FF48C191DAF29007A5D47 /* CoreGraphics.framework */,
				A47FF48E191DAF29007A5D47 /* UIKit.framework */,
				A47FF4A3191DAF2A007A5D47 /* XCTest.framework */,
			);
			name = Frameworks;
			sourceTree = "<group>";
		};
		A47FF490191DAF29007A5D47 /* TableViewGroup2 */ = {
			isa = PBXGroup;
			children = (
				A47FF499191DAF29007A5D47 /* UICodeAppDelegate.h */,
				A47FF49A191DAF29007A5D47 /* UICodeAppDelegate.m */,
				A47FF4B9191DAF7C007A5D47 /* MyViewController.h */,
				A47FF4BA191DAF7C007A5D47 /* MyViewController.m */,
				A47FF49C191DAF2A007A5D47 /* Images.xcassets */,
				A47FF491191DAF29007A5D47 /* Supporting Files */,
			);
			path = TableViewGroup2;
			sourceTree = "<group>";
		};
		A47FF491191DAF29007A5D47 /* Supporting Files */ = {
			isa = PBXGroup;
			children = (
				A47FF492191DAF29007A5D47 /* TableViewGroup2-Info.plist */,
				A47FF493191DAF29007A5D47 /* InfoPlist.strings */,
				A47FF496191DAF29007A5D47 /* main.m */,
				A47FF498191DAF29007A5D47 /* TableViewGroup2-Prefix.pch */,
			);
			name = "Supporting Files";
			sourceTree = "<group>";
		};
		A47FF4A9191DAF2A007A5D47 /* TableViewGroup2Tests */ = {
			isa = PBXGroup;
			children = (
				A47FF4AF191DAF2A007A5D47 /* TableViewGroup2Tests.m */,
				A47FF4AA191DAF2A007A5D47 /* Supporting Files */,
			);
			path = TableViewGroup2Tests;
			sourceTree = "<group>";
		};
		A47FF4AA191DAF2A007A5D47 /* Supporting Files */ = {
			isa = PBXGroup;
			children = (
				A47FF4AB191DAF2A007A5D47 /* TableViewGroup2Tests-Info.plist */,
				A47FF4AC191DAF2A007A5D47 /* InfoPlist.strings */,
			);
			name = "Supporting Files";
			sourceTree = "<group>";
		};
/* End PBXGroup section */

/* Begin PBXNativeTarget section */
		A47FF486191DAF29007A5D47 /* TableViewGroup2 */ = {
			isa = PBXNativeTarget;
			buildConfigurationList = A47FF4B3191DAF2A007A5D47 /* Build configuration list for PBXNativeTarget "TableViewGroup2" */;
			buildPhases = (
				A47FF483191DAF29007A5D47 /* Sources */,
				A47FF484191DAF29007A5D47 /* Frameworks */,
				A47FF485191DAF29007A5D47 /* Resources */,
			);
			buildRules = (
			);
			dependencies = (
			);
			name = TableViewGroup2;
			productName = TableViewGroup2;
			productReference = A47FF487191DAF29007A5D47 /* TableViewGroup2.app */;
			productType = "com.apple.product-type.application";
		};
		A47FF4A1191DAF2A007A5D47 /* TableViewGroup2Tests */ = {
			isa = PBXNativeTarget;
			buildConfigurationList = A47FF4B6191DAF2A007A5D47 /* Build configuration list for PBXNativeTarget "TableViewGroup2Tests" */;
			buildPhases = (
				A47FF49E191DAF2A007A5D47 /* Sources */,
				A47FF49F191DAF2A007A5D47 /* Frameworks */,
				A47FF4A0191DAF2A007A5D47 /* Resources */,
			);
			buildRules = (
			);
			dependencies = (
				A47FF4A8191DAF2A007A5D47 /* PBXTargetDependency */,
			);
			name = TableViewGroup2Tests;
			productName = TableViewGroup2Tests;
			productReference = A47FF4A2191DAF2A007A5D47 /* TableViewGroup2Tests.xctest */;
			productType = "com.apple.product-type.bundle.unit-test";
		};
/* End PBXNativeTarget section */

/* Begin PBXProject section */
		A47FF47F191DAF29007A5D47 /* Project object */ = {
			isa = PBXProject;
			attributes = {
				CLASSPREFIX = UICode;
				LastUpgradeCheck = 0510;
				ORGANIZATIONNAME = "panda zheng";
				TargetAttributes = {
					A47FF4A1191DAF2A007A5D47 = {
						TestTargetID = A47FF486191DAF29007A5D47;
					};
				};
			};
			buildConfigurationList = A47FF482191DAF29007A5D47 /* Build configuration list for PBXProject "TableViewGroup2" */;
			compatibilityVersion = "Xcode 3.2";
			developmentRegion = English;
			hasScannedForEncodings = 0;
			knownRegions = (
				en,
			);
			mainGroup = A47FF47E191DAF29007A5D47;
			productRefGroup = A47FF488191DAF29007A5D47 /* Products */;
			projectDirPath = "";
			projectRoot = "";
			targets = (
				A47FF486191DAF29007A5D47 /* TableViewGroup2 */,
				A47FF4A1191DAF2A007A5D47 /* TableViewGroup2Tests */,
			);
		};
/* End PBXProject section */

/* Begin PBXResourcesBuildPhase section */
		A47FF485191DAF29007A5D47 /* Resources */ = {
			isa = PBXResourcesBuildPhase;
			buildActionMask = 2147483647;
			files = (
				A47FF495191DAF29007A5D47 /* InfoPlist.strings in Resources */,
				A47FF49D191DAF2A007A5D47 /* Images.xcassets in Resources */,
			);
			runOnlyForDeploymentPostprocessing = 0;
		};
		A47FF4A0191DAF2A007A5D47 /* Resources */ = {
			isa = PBXResourcesBuildPhase;
			buildActionMask = 2147483647;
			files = (
				A47FF4AE191DAF2A007A5D47 /* InfoPlist.strings in Resources */,
			);
			runOnlyForDeploymentPostprocessing = 0;
		};
/* End PBXResourcesBuildPhase section */

/* Begin PBXSourcesBuildPhase section */
		A47FF483191DAF29007A5D47 /* Sources */ = {
			isa = PBXSourcesBuildPhase;
			buildActionMask = 2147483647;
			files = (
				A47FF4BB191DAF7C007A5D47 /* MyViewController.m in Sources */,
				A47FF497191DAF29007A5D47 /* main.m in Sources */,
				A47FF49B191DAF29007A5D47 /* UICodeAppDelegate.m in Sources */,
			);
			runOnlyForDeploymentPostprocessing = 0;
		};
		A47FF49E191DAF2A007A5D47 /* Sources */ = {
			isa = PBXSourcesBuildPhase;
			buildActionMask = 2147483647;
			files = (
				A47FF4B0191DAF2A007A5D47 /* TableViewGroup2Tests.m in Sources */,
			);
			runOnlyForDeploymentPostprocessing = 0;
		};
/* End PBXSourcesBuildPhase section */

/* Begin PBXTargetDependency section */
		A47FF4A8191DAF2A007A5D47 /* PBXTargetDependency */ = {
			isa = PBXTargetDependency;
			target = A47FF486191DAF29007A5D47 /* TableViewGroup2 */;
			targetProxy = A47FF4A7191DAF2A007A5D47 /* PBXContainerItemProxy */;
		};
/* End PBXTargetDependency section */

/* Begin PBXVariantGroup section */
		A47FF493191DAF29007A5D47 /* InfoPlist.strings */ = {
			isa = PBXVariantGroup;
			children = (
				A47FF494191DAF29007A5D47 /* en */,
			);
			name = InfoPlist.strings;
			sourceTree = "<group>";
		};
		A47FF4AC191DAF2A007A5D47 /* InfoPlist.strings */ = {
			isa = PBXVariantGroup;
			children = (
				A47FF4AD191DAF2A007A5D47 /* en */,
			);
			name = InfoPlist.strings;
			sourceTree = "<group>";
		};
/* End PBXVariantGroup section */

/* Begin XCBuildConfiguration section */
		A47FF4B1191DAF2A007A5D47 /* Debug */ = {
			isa = XCBuildConfiguration;
			buildSettings = {
				ALWAYS_SEARCH_USER_PATHS = NO;
				CLANG_CXX_LANGUAGE_STANDARD = "gnu++0x";
				CLANG_CXX_LIBRARY = "libc++";
				CLANG_ENABLE_MODULES = YES;
				CLANG_ENABLE_OBJC_ARC = YES;
				CLANG_WARN_BOOL_CONVERSION = YES;
				CLANG_WARN_CONSTANT_CONVERSION = YES;
				CLANG_WARN_DIRECT_OBJC_ISA_USAGE = YES_ERROR;
				CLANG_WARN_EMPTY_BODY = YES;
				CLANG_WARN_ENUM_CONVERSION = YES;
				CLANG_WARN_INT_CONVERSION = YES;
				CLANG_WARN_OBJC_ROOT_CLASS = YES_ERROR;
				CLANG_WARN__DUPLICATE_METHOD_MATCH = YES;
				"CODE_SIGN_IDENTITY[sdk=iphoneos*]" = "iPhone Developer";
				COPY_PHASE_STRIP = NO;
				GCC_C_LANGUAGE_STANDARD = gnu99;
				GCC_DYNAMIC_NO_PIC = NO;
				GCC_OPTIMIZATION_LEVEL = 0;
				GCC_PREPROCESSOR_DEFINITIONS = (
					"DEBUG=1",
					"$(inherited)",
				);
				GCC_SYMBOLS_PRIVATE_EXTERN = NO;
				GCC_WARN_64_TO_32_BIT_CONVERSION = YES;
				GCC_WARN_ABOUT_RETURN_TYPE = YES_ERROR;
				GCC_WARN_UNDECLARED_SELECTOR = YES;
				GCC_WARN_UNINITIALIZED_AUTOS = YES_AGGRESSIVE;
				GCC_WARN_UNUSED_FUNCTION = YES;
				GCC_WARN_UNUSED_VARIABLE = YES;
				IPHONEOS_DEPLOYMENT_TARGET = 7.1;
				ONLY_ACTIVE_ARCH = YES;
				SDKROOT = iphoneos;
				TARGETED_DEVICE_FAMILY = "1,2";
			};
			name = Debug;
		};
		A47FF4B2191DAF2A007A5D47 /* Release */ = {
			isa = XCBuildConfiguration;
			buildSettings = {
				ALWAYS_SEARCH_USER_PATHS = NO;
				CLANG_CXX_LANGUAGE_STANDARD = "gnu++0x";
				CLANG_CXX_LIBRARY = "libc++";
				CLANG_ENABLE_MODULES = YES;
				CLANG_ENABLE_OBJC_ARC = YES;
				CLANG_WARN_BOOL_CONVERSION = YES;
				CLANG_WARN_CONSTANT_CONVERSION = YES;
				CLANG_WARN_DIRECT_OBJC_ISA_USAGE = YES_ERROR;
				CLANG_WARN_EMPTY_BODY = YES;
				CLANG_WARN_ENUM_CONVERSION = YES;
				CLANG_WARN_INT_CONVERSION = YES;
				CLANG_WARN_OBJC_ROOT_CLASS = YES_ERROR;
				CLANG_WARN__DUPLICATE_METHOD_MATCH = YES;
				"CODE_SIGN_IDENTITY[sdk=iphoneos*]" = "iPhone Developer";
				COPY_PHASE_STRIP = YES;
				ENABLE_NS_ASSERTIONS = NO;
				GCC_C_LANGUAGE_STANDARD = gnu99;
				GCC_WARN_64_TO_32_BIT_CONVERSION = YES;
				GCC_WARN_ABOUT_RETURN_TYPE = YES_ERROR;
				GCC_WARN_UNDECLARED_SELECTOR = YES;
				GCC_WARN_UNINITIALIZED_AUTOS = YES_AGGRESSIVE;
				GCC_WARN_UNUSED_FUNCTION = YES;
				GCC_WARN_UNUSED_VARIABLE = YES;
				IPHONEOS_DEPLOYMENT_TARGET = 7.1;
				SDKROOT = iphoneos;
				TARGETED_DEVICE_FAMILY = "1,2";
				VALIDATE_PRODUCT = YES;
			};
			name = Release;
		};
		A47FF4B4191DAF2A007A5D47 /* Debug */ = {
			isa = XCBuildConfiguration;
			buildSettings = {
				ASSETCATALOG_COMPILER_APPICON_NAME = AppIcon;
				ASSETCATALOG_COMPILER_LAUNCHIMAGE_NAME = LaunchImage;
				GCC_PRECOMPILE_PREFIX_HEADER = YES;
				GCC_PREFIX_HEADER = "TableViewGroup2/TableViewGroup2-Prefix.pch";
				INFOPLIST_FILE = "TableViewGroup2/TableViewGroup2-Info.plist";
				PRODUCT_NAME = "$(TARGET_NAME)";
				WRAPPER_EXTENSION = app;
			};
			name = Debug;
		};
		A47FF4B5191DAF2A007A5D47 /* Release */ = {
			isa = XCBuildConfiguration;
			buildSettings = {
				ASSETCATALOG_COMPILER_APPICON_NAME = AppIcon;
				ASSETCATALOG_COMPILER_LAUNCHIMAGE_NAME = LaunchImage;
				GCC_PRECOMPILE_PREFIX_HEADER = YES;
				GCC_PREFIX_HEADER = "TableViewGroup2/TableViewGroup2-Prefix.pch";
				INFOPLIST_FILE = "TableViewGroup2/TableViewGroup2-Info.plist";
				PRODUCT_NAME = "$(TARGET_NAME)";
				WRAPPER_EXTENSION = app;
			};
			name = Release;
		};
		A47FF4B7191DAF2A007A5D47 /* Debug */ = {
			isa = XCBuildConfiguration;
			buildSettings = {
				BUNDLE_LOADER = "$(BUILT_PRODUCTS_DIR)/TableViewGroup2.app/TableViewGroup2";
				FRAMEWORK_SEARCH_PATHS = (
					"$(SDKROOT)/Developer/Library/Frameworks",
					"$(inherited)",
					"$(DEVELOPER_FRAMEWORKS_DIR)",
				);
				GCC_PRECOMPILE_PREFIX_HEADER = YES;
				GCC_PREFIX_HEADER = "TableViewGroup2/TableViewGroup2-Prefix.pch";
				GCC_PREPROCESSOR_DEFINITIONS = (
					"DEBUG=1",
					"$(inherited)",
				);
				INFOPLIST_FILE = "TableViewGroup2Tests/TableViewGroup2Tests-Info.plist";
				PRODUCT_NAME = "$(TARGET_NAME)";
				TEST_HOST = "$(BUNDLE_LOADER)";
				WRAPPER_EXTENSION = xctest;
			};
			name = Debug;
		};
		A47FF4B8191DAF2A007A5D47 /* Release */ = {
			isa = XCBuildConfiguration;
			buildSettings = {
				BUNDLE_LOADER = "$(BUILT_PRODUCTS_DIR)/TableViewGroup2.app/TableViewGroup2";
				FRAMEWORK_SEARCH_PATHS = (
					"$(SDKROOT)/Developer/Library/Frameworks",
					"$(inherited)",
					"$(DEVELOPER_FRAMEWORKS_DIR)",
				);
				GCC_PRECOMPILE_PREFIX_HEADER = YES;
				GCC_PREFIX_HEADER = "TableViewGroup2/TableViewGroup2-Prefix.pch";
				INFOPLIST_FILE = "TableViewGroup2Tests/TableViewGroup2Tests-Info.plist";
				PRODUCT_NAME = "$(TARGET_NAME)";
				TEST_HOST = "$(BUNDLE_LOADER)";
				WRAPPER_EXTENSION = xctest;
			};
			name = Release;
		};
/* End XCBuildConfiguration section */

/* Begin XCConfigurationList section */
		A47FF482191DAF29007A5D47 /* Build configuration list for PBXProject "TableViewGroup2" */ = {
			isa = XCConfigurationList;
			buildConfigurations = (
				A47FF4B1191DAF2A007A5D47 /* Debug */,
				A47FF4B2191DAF2A007A5D47 /* Release */,
			);
			defaultConfigurationIsVisible = 0;
			defaultConfigurationName = Release;
		};
		A47FF4B3191DAF2A007A5D47 /* Build configuration list for PBXNativeTarget "TableViewGroup2" */ = {
			isa = XCConfigurationList;
			buildConfigurations = (
				A47FF4B4191DAF2A007A5D47 /* Debug */,
				A47FF4B5191DAF2A007A5D47 /* Release */,
			);
			defaultConfigurationIsVisible = 0;
		};
		A47FF4B6191DAF2A007A5D47 /* Build configuration list for PBXNativeTarget "TableViewGroup2Tests" */ = {
			isa = XCConfigurationList;
			buildConfigurations = (
				A47FF4B7191DAF2A007A5D47 /* Debug */,
				A47FF4B8191DAF2A007A5D47 /* Release */,
			);
			defaultConfigurationIsVisible = 0;
		};
/* End XCConfigurationList section */
	};
	rootObject = A47FF47F191DAF29007A5D47 /* Project object */;
}
