// !$*UTF8*$!
{
	archiveVersion = 1;
	classes = {
	};
	objectVersion = 46;
	objects = {

/* Begin PBXBuildFile section */
		A47FF4C9191DB559007A5D47 /* Foundation.framework in Frameworks */ = {isa = PBXBuildFile; fileRef = A47FF4C8191DB559007A5D47 /* Foundation.framework */; };
		A47FF4CB191DB559007A5D47 /* CoreGraphics.framework in Frameworks */ = {isa = PBXBuildFile; fileRef = A47FF4CA191DB559007A5D47 /* CoreGraphics.framework */; };
		A47FF4CD191DB559007A5D47 /* UIKit.framework in Frameworks */ = {isa = PBXBuildFile; fileRef = A47FF4CC191DB559007A5D47 /* UIKit.framework */; };
		A47FF4D3191DB559007A5D47 /* InfoPlist.strings in Resources */ = {isa = PBXBuildFile; fileRef = A47FF4D1191DB559007A5D47 /* InfoPlist.strings */; };
		A47FF4D5191DB559007A5D47 /* main.m in Sources */ = {isa = PBXBuildFile; fileRef = A47FF4D4191DB559007A5D47 /* main.m */; };
		A47FF4D9191DB559007A5D47 /* UICodeAppDelegate.m in Sources */ = {isa = PBXBuildFile; fileRef = A47FF4D8191DB559007A5D47 /* UICodeAppDelegate.m */; };
		A47FF4DB191DB559007A5D47 /* Images.xcassets in Resources */ = {isa = PBXBuildFile; fileRef = A47FF4DA191DB559007A5D47 /* Images.xcassets */; };
		A47FF4E2191DB559007A5D47 /* XCTest.framework in Frameworks */ = {isa = PBXBuildFile; fileRef = A47FF4E1191DB559007A5D47 /* XCTest.framework */; };
		A47FF4E3191DB559007A5D47 /* Foundation.framework in Frameworks */ = {isa = PBXBuildFile; fileRef = A47FF4C8191DB559007A5D47 /* Foundation.framework */; };
		A47FF4E4191DB559007A5D47 /* UIKit.framework in Frameworks */ = {isa = PBXBuildFile; fileRef = A47FF4CC191DB559007A5D47 /* UIKit.framework */; };
		A47FF4EC191DB559007A5D47 /* InfoPlist.strings in Resources */ = {isa = PBXBuildFile; fileRef = A47FF4EA191DB559007A5D47 /* InfoPlist.strings */; };
		A47FF4EE191DB559007A5D47 /* TableViewGroup3Tests.m in Sources */ = {isa = PBXBuildFile; fileRef = A47FF4ED191DB559007A5D47 /* TableViewGroup3Tests.m */; };
		A47FF4F9191DB574007A5D47 /* MyViewController.m in Sources */ = {isa = PBXBuildFile; fileRef = A47FF4F8191DB574007A5D47 /* MyViewController.m */; };
		A47FF4FC191DB660007A5D47 /* Province.m in Sources */ = {isa = PBXBuildFile; fileRef = A47FF4FB191DB660007A5D47 /* Province.m */; };
/* End PBXBuildFile section */

/* Begin PBXContainerItemProxy section */
		A47FF4E5191DB559007A5D47 /* PBXContainerItemProxy */ = {
			isa = PBXContainerItemProxy;
			containerPortal = A47FF4BD191DB559007A5D47 /* Project object */;
			proxyType = 1;
			remoteGlobalIDString = A47FF4C4191DB559007A5D47;
			remoteInfo = TableViewGroup3;
		};
/* End PBXContainerItemProxy section */

/* Begin PBXFileReference section */
		A47FF4C5191DB559007A5D47 /* TableViewGroup3.app */ = {isa = PBXFileReference; explicitFileType = wrapper.application; includeInIndex = 0; path = TableViewGroup3.app; sourceTree = BUILT_PRODUCTS_DIR; };
		A47FF4C8191DB559007A5D47 /* Foundation.framework */ = {isa = PBXFileReference; lastKnownFileType = wrapper.framework; name = Foundation.framework; path = System/Library/Frameworks/Foundation.framework; sourceTree = SDKROOT; };
		A47FF4CA191DB559007A5D47 /* CoreGraphics.framework */ = {isa = PBXFileReference; lastKnownFileType = wrapper.framework; name = CoreGraphics.framework; path = System/Library/Frameworks/CoreGraphics.framework; sourceTree = SDKROOT; };
		A47FF4CC191DB559007A5D47 /* UIKit.framework */ = {isa = PBXFileReference; lastKnownFileType = wrapper.framework; name = UIKit.framework; path = System/Library/Frameworks/UIKit.framework; sourceTree = SDKROOT; };
		A47FF4D0191DB559007A5D47 /* TableViewGroup3-Info.plist */ = {isa = PBXFileReference; lastKnownFileType = text.plist.xml; path = "TableViewGroup3-Info.plist"; sourceTree = "<group>"; };
		A47FF4D2191DB559007A5D47 /* en */ = {isa = PBXFileReference; lastKnownFileType = text.plist.strings; name = en; path = en.lproj/InfoPlist.strings; sourceTree = "<group>"; };
		A47FF4D4191DB559007A5D47 /* main.m */ = {isa = PBXFileReference; lastKnownFileType = sourcecode.c.objc; path = main.m; sourceTree = "<group>"; };
		A47FF4D6191DB559007A5D47 /* TableViewGroup3-Prefix.pch */ = {isa = PBXFileReference; lastKnownFileType = sourcecode.c.h; path = "TableViewGroup3-Prefix.pch"; sourceTree = "<group>"; };
		A47FF4D7191DB559007A5D47 /* UICodeAppDelegate.h */ = {isa = PBXFileReference; lastKnownFileType = sourcecode.c.h; path = UICodeAppDelegate.h; sourceTree = "<group>"; };
		A47FF4D8191DB559007A5D47 /* UICodeAppDelegate.m */ = {isa = PBXFileReference; lastKnownFileType = sourcecode.c.objc; path = UICodeAppDelegate.m; sourceTree = "<group>"; };
		A47FF4DA191DB559007A5D47 /* Images.xcassets */ = {isa = PBXFileReference; lastKnownFileType = folder.assetcatalog; path = Images.xcassets; sourceTree = "<group>"; };
		A47FF4E0191DB559007A5D47 /* TableViewGroup3Tests.xctest */ = {isa = PBXFileReference; explicitFileType = wrapper.cfbundle; includeInIndex = 0; path = TableViewGroup3Tests.xctest; sourceTree = BUILT_PRODUCTS_DIR; };
		A47FF4E1191DB559007A5D47 /* XCTest.framework */ = {isa = PBXFileReference; lastKnownFileType = wrapper.framework; name = XCTest.framework; path = Library/Frameworks/XCTest.framework; sourceTree = DEVELOPER_DIR; };
		A47FF4E9191DB559007A5D47 /* TableViewGroup3Tests-Info.plist */ = {isa = PBXFileReference; lastKnownFileType = text.plist.xml; path = "TableViewGroup3Tests-Info.plist"; sourceTree = "<group>"; };
		A47FF4EB191DB559007A5D47 /* en */ = {isa = PBXFileReference; lastKnownFileType = text.plist.strings; name = en; path = en.lproj/InfoPlist.strings; sourceTree = "<group>"; };
		A47FF4ED191DB559007A5D47 /* TableViewGroup3Tests.m */ = {isa = PBXFileReference; lastKnownFileType = sourcecode.c.objc; path = TableViewGroup3Tests.m; sourceTree = "<group>"; };
		A47FF4F7191DB574007A5D47 /* MyViewController.h */ = {isa = PBXFileReference; fileEncoding = 4; lastKnownFileType = sourcecode.c.h; path = MyViewController.h; sourceTree = "<group>"; };
		A47FF4F8191DB574007A5D47 /* MyViewController.m */ = {isa = PBXFileReference; fileEncoding = 4; lastKnownFileType = sourcecode.c.objc; path = MyViewController.m; sourceTree = "<group>"; };
		A47FF4FA191DB660007A5D47 /* Province.h */ = {isa = PBXFileReference; fileEncoding = 4; lastKnownFileType = sourcecode.c.h; path = Province.h; sourceTree = "<group>"; };
		A47FF4FB191DB660007A5D47 /* Province.m */ = {isa = PBXFileReference; fileEncoding = 4; lastKnownFileType = sourcecode.c.objc; path = Province.m; sourceTree = "<group>"; };
/* End PBXFileReference section */

/* Begin PBXFrameworksBuildPhase section */
		A47FF4C2191DB559007A5D47 /* Frameworks */ = {
			isa = PBXFrameworksBuildPhase;
			buildActionMask = 2147483647;
			files = (
				A47FF4CB191DB559007A5D47 /* CoreGraphics.framework in Frameworks */,
				A47FF4CD191DB559007A5D47 /* UIKit.framework in Frameworks */,
				A47FF4C9191DB559007A5D47 /* Foundation.framework in Frameworks */,
			);
			runOnlyForDeploymentPostprocessing = 0;
		};
		A47FF4DD191DB559007A5D47 /* Frameworks */ = {
			isa = PBXFrameworksBuildPhase;
			buildActionMask = 2147483647;
			files = (
				A47FF4E2191DB559007A5D47 /* XCTest.framework in Frameworks */,
				A47FF4E4191DB559007A5D47 /* UIKit.framework in Frameworks */,
				A47FF4E3191DB559007A5D47 /* Foundation.framework in Frameworks */,
			);
			runOnlyForDeploymentPostprocessing = 0;
		};
/* End PBXFrameworksBuildPhase section */

/* Begin PBXGroup section */
		A47FF4BC191DB559007A5D47 = {
			isa = PBXGroup;
			children = (
				A47FF4CE191DB559007A5D47 /* TableViewGroup3 */,
				A47FF4E7191DB559007A5D47 /* TableViewGroup3Tests */,
				A47FF4C7191DB559007A5D47 /* Frameworks */,
				A47FF4C6191DB559007A5D47 /* Products */,
			);
			sourceTree = "<group>";
		};
		A47FF4C6191DB559007A5D47 /* Products */ = {
			isa = PBXGroup;
			children = (
				A47FF4C5191DB559007A5D47 /* TableViewGroup3.app */,
				A47FF4E0191DB559007A5D47 /* TableViewGroup3Tests.xctest */,
			);
			name = Products;
			sourceTree = "<group>";
		};
		A47FF4C7191DB559007A5D47 /* Frameworks */ = {
			isa = PBXGroup;
			children = (
				A47FF4C8191DB559007A5D47 /* Foundation.framework */,
				A47FF4CA191DB559007A5D47 /* CoreGraphics.framework */,
				A47FF4CC191DB559007A5D47 /* UIKit.framework */,
				A47FF4E1191DB559007A5D47 /* XCTest.framework */,
			);
			name = Frameworks;
			sourceTree = "<group>";
		};
		A47FF4CE191DB559007A5D47 /* TableViewGroup3 */ = {
			isa = PBXGroup;
			children = (
				A47FF4D7191DB559007A5D47 /* UICodeAppDelegate.h */,
				A47FF4D8191DB559007A5D47 /* UICodeAppDelegate.m */,
				A47FF4F7191DB574007A5D47 /* MyViewController.h */,
				A47FF4F8191DB574007A5D47 /* MyViewController.m */,
				A47FF4FA191DB660007A5D47 /* Province.h */,
				A47FF4FB191DB660007A5D47 /* Province.m */,
				A47FF4DA191DB559007A5D47 /* Images.xcassets */,
				A47FF4CF191DB559007A5D47 /* Supporting Files */,
			);
			path = TableViewGroup3;
			sourceTree = "<group>";
		};
		A47FF4CF191DB559007A5D47 /* Supporting Files */ = {
			isa = PBXGroup;
			children = (
				A47FF4D0191DB559007A5D47 /* TableViewGroup3-Info.plist */,
				A47FF4D1191DB559007A5D47 /* InfoPlist.strings */,
				A47FF4D4191DB559007A5D47 /* main.m */,
				A47FF4D6191DB559007A5D47 /* TableViewGroup3-Prefix.pch */,
			);
			name = "Supporting Files";
			sourceTree = "<group>";
		};
		A47FF4E7191DB559007A5D47 /* TableViewGroup3Tests */ = {
			isa = PBXGroup;
			children = (
				A47FF4ED191DB559007A5D47 /* TableViewGroup3Tests.m */,
				A47FF4E8191DB559007A5D47 /* Supporting Files */,
			);
			path = TableViewGroup3Tests;
			sourceTree = "<group>";
		};
		A47FF4E8191DB559007A5D47 /* Supporting Files */ = {
			isa = PBXGroup;
			children = (
				A47FF4E9191DB559007A5D47 /* TableViewGroup3Tests-Info.plist */,
				A47FF4EA191DB559007A5D47 /* InfoPlist.strings */,
			);
			name = "Supporting Files";
			sourceTree = "<group>";
		};
/* End PBXGroup section */

/* Begin PBXNativeTarget section */
		A47FF4C4191DB559007A5D47 /* TableViewGroup3 */ = {
			isa = PBXNativeTarget;
			buildConfigurationList = A47FF4F1191DB559007A5D47 /* Build configuration list for PBXNativeTarget "TableViewGroup3" */;
			buildPhases = (
				A47FF4C1191DB559007A5D47 /* Sources */,
				A47FF4C2191DB559007A5D47 /* Frameworks */,
				A47FF4C3191DB559007A5D47 /* Resources */,
			);
			buildRules = (
			);
			dependencies = (
			);
			name = TableViewGroup3;
			productName = TableViewGroup3;
			productReference = A47FF4C5191DB559007A5D47 /* TableViewGroup3.app */;
			productType = "com.apple.product-type.application";
		};
		A47FF4DF191DB559007A5D47 /* TableViewGroup3Tests */ = {
			isa = PBXNativeTarget;
			buildConfigurationList = A47FF4F4191DB559007A5D47 /* Build configuration list for PBXNativeTarget "TableViewGroup3Tests" */;
			buildPhases = (
				A47FF4DC191DB559007A5D47 /* Sources */,
				A47FF4DD191DB559007A5D47 /* Frameworks */,
				A47FF4DE191DB559007A5D47 /* Resources */,
			);
			buildRules = (
			);
			dependencies = (
				A47FF4E6191DB559007A5D47 /* PBXTargetDependency */,
			);
			name = TableViewGroup3Tests;
			productName = TableViewGroup3Tests;
			productReference = A47FF4E0191DB559007A5D47 /* TableViewGroup3Tests.xctest */;
			productType = "com.apple.product-type.bundle.unit-test";
		};
/* End PBXNativeTarget section */

/* Begin PBXProject section */
		A47FF4BD191DB559007A5D47 /* Project object */ = {
			isa = PBXProject;
			attributes = {
				CLASSPREFIX = UICode;
				LastUpgradeCheck = 0510;
				ORGANIZATIONNAME = "panda zheng";
				TargetAttributes = {
					A47FF4DF191DB559007A5D47 = {
						TestTargetID = A47FF4C4191DB559007A5D47;
					};
				};
			};
			buildConfigurationList = A47FF4C0191DB559007A5D47 /* Build configuration list for PBXProject "TableViewGroup3" */;
			compatibilityVersion = "Xcode 3.2";
			developmentRegion = English;
			hasScannedForEncodings = 0;
			knownRegions = (
				en,
			);
			mainGroup = A47FF4BC191DB559007A5D47;
			productRefGroup = A47FF4C6191DB559007A5D47 /* Products */;
			projectDirPath = "";
			projectRoot = "";
			targets = (
				A47FF4C4191DB559007A5D47 /* TableViewGroup3 */,
				A47FF4DF191DB559007A5D47 /* TableViewGroup3Tests */,
			);
		};
/* End PBXProject section */

/* Begin PBXResourcesBuildPhase section */
		A47FF4C3191DB559007A5D47 /* Resources */ = {
			isa = PBXResourcesBuildPhase;
			buildActionMask = 2147483647;
			files = (
				A47FF4D3191DB559007A5D47 /* InfoPlist.strings in Resources */,
				A47FF4DB191DB559007A5D47 /* Images.xcassets in Resources */,
			);
			runOnlyForDeploymentPostprocessing = 0;
		};
		A47FF4DE191DB559007A5D47 /* Resources */ = {
			isa = PBXResourcesBuildPhase;
			buildActionMask = 2147483647;
			files = (
				A47FF4EC191DB559007A5D47 /* InfoPlist.strings in Resources */,
			);
			runOnlyForDeploymentPostprocessing = 0;
		};
/* End PBXResourcesBuildPhase section */

/* Begin PBXSourcesBuildPhase section */
		A47FF4C1191DB559007A5D47 /* Sources */ = {
			isa = PBXSourcesBuildPhase;
			buildActionMask = 2147483647;
			files = (
				A47FF4F9191DB574007A5D47 /* MyViewController.m in Sources */,
				A47FF4D5191DB559007A5D47 /* main.m in Sources */,
				A47FF4D9191DB559007A5D47 /* UICodeAppDelegate.m in Sources */,
				A47FF4FC191DB660007A5D47 /* Province.m in Sources */,
			);
			runOnlyForDeploymentPostprocessing = 0;
		};
		A47FF4DC191DB559007A5D47 /* Sources */ = {
			isa = PBXSourcesBuildPhase;
			buildActionMask = 2147483647;
			files = (
				A47FF4EE191DB559007A5D47 /* TableViewGroup3Tests.m in Sources */,
			);
			runOnlyForDeploymentPostprocessing = 0;
		};
/* End PBXSourcesBuildPhase section */

/* Begin PBXTargetDependency section */
		A47FF4E6191DB559007A5D47 /* PBXTargetDependency */ = {
			isa = PBXTargetDependency;
			target = A47FF4C4191DB559007A5D47 /* TableViewGroup3 */;
			targetProxy = A47FF4E5191DB559007A5D47 /* PBXContainerItemProxy */;
		};
/* End PBXTargetDependency section */

/* Begin PBXVariantGroup section */
		A47FF4D1191DB559007A5D47 /* InfoPlist.strings */ = {
			isa = PBXVariantGroup;
			children = (
				A47FF4D2191DB559007A5D47 /* en */,
			);
			name = InfoPlist.strings;
			sourceTree = "<group>";
		};
		A47FF4EA191DB559007A5D47 /* InfoPlist.strings */ = {
			isa = PBXVariantGroup;
			children = (
				A47FF4EB191DB559007A5D47 /* en */,
			);
			name = InfoPlist.strings;
			sourceTree = "<group>";
		};
/* End PBXVariantGroup section */

/* Begin XCBuildConfiguration section */
		A47FF4EF191DB559007A5D47 /* Debug */ = {
			isa = XCBuildConfiguration;
			buildSettings = {
				ALWAYS_SEARCH_USER_PATHS = NO;
				CLANG_CXX_LANGUAGE_STANDARD = "gnu++0x";
				CLANG_CXX_LIBRARY = "libc++";
				CLANG_ENABLE_MODULES = YES;
				CLANG_ENABLE_OBJC_ARC = YES;
				CLANG_WARN_BOOL_CONVERSION = YES;
				CLANG_WARN_CONSTANT_CONVERSION = YES;
				CLANG_WARN_DIRECT_OBJC_ISA_USAGE = YES_ERROR;
				CLANG_WARN_EMPTY_BODY = YES;
				CLANG_WARN_ENUM_CONVERSION = YES;
				CLANG_WARN_INT_CONVERSION = YES;
				CLANG_WARN_OBJC_ROOT_CLASS = YES_ERROR;
				CLANG_WARN__DUPLICATE_METHOD_MATCH = YES;
				"CODE_SIGN_IDENTITY[sdk=iphoneos*]" = "iPhone Developer";
				COPY_PHASE_STRIP = NO;
				GCC_C_LANGUAGE_STANDARD = gnu99;
				GCC_DYNAMIC_NO_PIC = NO;
				GCC_OPTIMIZATION_LEVEL = 0;
				GCC_PREPROCESSOR_DEFINITIONS = (
					"DEBUG=1",
					"$(inherited)",
				);
				GCC_SYMBOLS_PRIVATE_EXTERN = NO;
				GCC_WARN_64_TO_32_BIT_CONVERSION = YES;
				GCC_WARN_ABOUT_RETURN_TYPE = YES_ERROR;
				GCC_WARN_UNDECLARED_SELECTOR = YES;
				GCC_WARN_UNINITIALIZED_AUTOS = YES_AGGRESSIVE;
				GCC_WARN_UNUSED_FUNCTION = YES;
				GCC_WARN_UNUSED_VARIABLE = YES;
				IPHONEOS_DEPLOYMENT_TARGET = 7.1;
				ONLY_ACTIVE_ARCH = YES;
				SDKROOT = iphoneos;
				TARGETED_DEVICE_FAMILY = "1,2";
			};
			name = Debug;
		};
		A47FF4F0191DB559007A5D47 /* Release */ = {
			isa = XCBuildConfiguration;
			buildSettings = {
				ALWAYS_SEARCH_USER_PATHS = NO;
				CLANG_CXX_LANGUAGE_STANDARD = "gnu++0x";
				CLANG_CXX_LIBRARY = "libc++";
				CLANG_ENABLE_MODULES = YES;
				CLANG_ENABLE_OBJC_ARC = YES;
				CLANG_WARN_BOOL_CONVERSION = YES;
				CLANG_WARN_CONSTANT_CONVERSION = YES;
				CLANG_WARN_DIRECT_OBJC_ISA_USAGE = YES_ERROR;
				CLANG_WARN_EMPTY_BODY = YES;
				CLANG_WARN_ENUM_CONVERSION = YES;
				CLANG_WARN_INT_CONVERSION = YES;
				CLANG_WARN_OBJC_ROOT_CLASS = YES_ERROR;
				CLANG_WARN__DUPLICATE_METHOD_MATCH = YES;
				"CODE_SIGN_IDENTITY[sdk=iphoneos*]" = "iPhone Developer";
				COPY_PHASE_STRIP = YES;
				ENABLE_NS_ASSERTIONS = NO;
				GCC_C_LANGUAGE_STANDARD = gnu99;
				GCC_WARN_64_TO_32_BIT_CONVERSION = YES;
				GCC_WARN_ABOUT_RETURN_TYPE = YES_ERROR;
				GCC_WARN_UNDECLARED_SELECTOR = YES;
				GCC_WARN_UNINITIALIZED_AUTOS = YES_AGGRESSIVE;
				GCC_WARN_UNUSED_FUNCTION = YES;
				GCC_WARN_UNUSED_VARIABLE = YES;
				IPHONEOS_DEPLOYMENT_TARGET = 7.1;
				SDKROOT = iphoneos;
				TARGETED_DEVICE_FAMILY = "1,2";
				VALIDATE_PRODUCT = YES;
			};
			name = Release;
		};
		A47FF4F2191DB559007A5D47 /* Debug */ = {
			isa = XCBuildConfiguration;
			buildSettings = {
				ASSETCATALOG_COMPILER_APPICON_NAME = AppIcon;
				ASSETCATALOG_COMPILER_LAUNCHIMAGE_NAME = LaunchImage;
				GCC_PRECOMPILE_PREFIX_HEADER = YES;
				GCC_PREFIX_HEADER = "TableViewGroup3/TableViewGroup3-Prefix.pch";
				INFOPLIST_FILE = "TableViewGroup3/TableViewGroup3-Info.plist";
				PRODUCT_NAME = "$(TARGET_NAME)";
				WRAPPER_EXTENSION = app;
			};
			name = Debug;
		};
		A47FF4F3191DB559007A5D47 /* Release */ = {
			isa = XCBuildConfiguration;
			buildSettings = {
				ASSETCATALOG_COMPILER_APPICON_NAME = AppIcon;
				ASSETCATALOG_COMPILER_LAUNCHIMAGE_NAME = LaunchImage;
				GCC_PRECOMPILE_PREFIX_HEADER = YES;
				GCC_PREFIX_HEADER = "TableViewGroup3/TableViewGroup3-Prefix.pch";
				INFOPLIST_FILE = "TableViewGroup3/TableViewGroup3-Info.plist";
				PRODUCT_NAME = "$(TARGET_NAME)";
				WRAPPER_EXTENSION = app;
			};
			name = Release;
		};
		A47FF4F5191DB559007A5D47 /* Debug */ = {
			isa = XCBuildConfiguration;
			buildSettings = {
				BUNDLE_LOADER = "$(BUILT_PRODUCTS_DIR)/TableViewGroup3.app/TableViewGroup3";
				FRAMEWORK_SEARCH_PATHS = (
					"$(SDKROOT)/Developer/Library/Frameworks",
					"$(inherited)",
					"$(DEVELOPER_FRAMEWORKS_DIR)",
				);
				GCC_PRECOMPILE_PREFIX_HEADER = YES;
				GCC_PREFIX_HEADER = "TableViewGroup3/TableViewGroup3-Prefix.pch";
				GCC_PREPROCESSOR_DEFINITIONS = (
					"DEBUG=1",
					"$(inherited)",
				);
				INFOPLIST_FILE = "TableViewGroup3Tests/TableViewGroup3Tests-Info.plist";
				PRODUCT_NAME = "$(TARGET_NAME)";
				TEST_HOST = "$(BUNDLE_LOADER)";
				WRAPPER_EXTENSION = xctest;
			};
			name = Debug;
		};
		A47FF4F6191DB559007A5D47 /* Release */ = {
			isa = XCBuildConfiguration;
			buildSettings = {
				BUNDLE_LOADER = "$(BUILT_PRODUCTS_DIR)/TableViewGroup3.app/TableViewGroup3";
				FRAMEWORK_SEARCH_PATHS = (
					"$(SDKROOT)/Developer/Library/Frameworks",
					"$(inherited)",
					"$(DEVELOPER_FRAMEWORKS_DIR)",
				);
				GCC_PRECOMPILE_PREFIX_HEADER = YES;
				GCC_PREFIX_HEADER = "TableViewGroup3/TableViewGroup3-Prefix.pch";
				INFOPLIST_FILE = "TableViewGroup3Tests/TableViewGroup3Tests-Info.plist";
				PRODUCT_NAME = "$(TARGET_NAME)";
				TEST_HOST = "$(BUNDLE_LOADER)";
				WRAPPER_EXTENSION = xctest;
			};
			name = Release;
		};
/* End XCBuildConfiguration section */

/* Begin XCConfigurationList section */
		A47FF4C0191DB559007A5D47 /* Build configuration list for PBXProject "TableViewGroup3" */ = {
			isa = XCConfigurationList;
			buildConfigurations = (
				A47FF4EF191DB559007A5D47 /* Debug */,
				A47FF4F0191DB559007A5D47 /* Release */,
			);
			defaultConfigurationIsVisible = 0;
			defaultConfigurationName = Release;
		};
		A47FF4F1191DB559007A5D47 /* Build configuration list for PBXNativeTarget "TableViewGroup3" */ = {
			isa = XCConfigurationList;
			buildConfigurations = (
				A47FF4F2191DB559007A5D47 /* Debug */,
				A47FF4F3191DB559007A5D47 /* Release */,
			);
			defaultConfigurationIsVisible = 0;
		};
		A47FF4F4191DB559007A5D47 /* Build configuration list for PBXNativeTarget "TableViewGroup3Tests" */ = {
			isa = XCConfigurationList;
			buildConfigurations = (
				A47FF4F5191DB559007A5D47 /* Debug */,
				A47FF4F6191DB559007A5D47 /* Release */,
			);
			defaultConfigurationIsVisible = 0;
		};
/* End XCConfigurationList section */
	};
	rootObject = A47FF4BD191DB559007A5D47 /* Project object */;
}
