// !$*UTF8*$!
{
	archiveVersion = 1;
	classes = {
	};
	objectVersion = 46;
	objects = {

/* Begin PBXBuildFile section */
		A4134DCF191A4C4D00833B10 /* Foundation.framework in Frameworks */ = {isa = PBXBuildFile; fileRef = A4134DCE191A4C4D00833B10 /* Foundation.framework */; };
		A4134DD1191A4C4D00833B10 /* CoreGraphics.framework in Frameworks */ = {isa = PBXBuildFile; fileRef = A4134DD0191A4C4D00833B10 /* CoreGraphics.framework */; };
		A4134DD3191A4C4D00833B10 /* UIKit.framework in Frameworks */ = {isa = PBXBuildFile; fileRef = A4134DD2191A4C4D00833B10 /* UIKit.framework */; };
		A4134DD9191A4C4D00833B10 /* InfoPlist.strings in Resources */ = {isa = PBXBuildFile; fileRef = A4134DD7191A4C4D00833B10 /* InfoPlist.strings */; };
		A4134DDB191A4C4D00833B10 /* main.m in Sources */ = {isa = PBXBuildFile; fileRef = A4134DDA191A4C4D00833B10 /* main.m */; };
		A4134DDF191A4C4D00833B10 /* UICodeAppDelegate.m in Sources */ = {isa = PBXBuildFile; fileRef = A4134DDE191A4C4D00833B10 /* UICodeAppDelegate.m */; };
		A4134DE1191A4C4D00833B10 /* Images.xcassets in Resources */ = {isa = PBXBuildFile; fileRef = A4134DE0191A4C4D00833B10 /* Images.xcassets */; };
		A4134DE8191A4C4D00833B10 /* XCTest.framework in Frameworks */ = {isa = PBXBuildFile; fileRef = A4134DE7191A4C4D00833B10 /* XCTest.framework */; };
		A4134DE9191A4C4D00833B10 /* Foundation.framework in Frameworks */ = {isa = PBXBuildFile; fileRef = A4134DCE191A4C4D00833B10 /* Foundation.framework */; };
		A4134DEA191A4C4D00833B10 /* UIKit.framework in Frameworks */ = {isa = PBXBuildFile; fileRef = A4134DD2191A4C4D00833B10 /* UIKit.framework */; };
		A4134DF2191A4C4D00833B10 /* InfoPlist.strings in Resources */ = {isa = PBXBuildFile; fileRef = A4134DF0191A4C4D00833B10 /* InfoPlist.strings */; };
		A4134DF4191A4C4D00833B10 /* UITableViewCustomCellTests.m in Sources */ = {isa = PBXBuildFile; fileRef = A4134DF3191A4C4D00833B10 /* UITableViewCustomCellTests.m */; };
		A4134DFF191A4C6E00833B10 /* MyViewController.m in Sources */ = {isa = PBXBuildFile; fileRef = A4134DFE191A4C6E00833B10 /* MyViewController.m */; };
		A4134E02191A4CBF00833B10 /* CustomCell.m in Sources */ = {isa = PBXBuildFile; fileRef = A4134E01191A4CBF00833B10 /* CustomCell.m */; };
		A4134E04191A4DCD00833B10 /* headImage.jpg in Resources */ = {isa = PBXBuildFile; fileRef = A4134E03191A4DCD00833B10 /* headImage.jpg */; };
/* End PBXBuildFile section */

/* Begin PBXContainerItemProxy section */
		A4134DEB191A4C4D00833B10 /* PBXContainerItemProxy */ = {
			isa = PBXContainerItemProxy;
			containerPortal = A4134DC3191A4C4D00833B10 /* Project object */;
			proxyType = 1;
			remoteGlobalIDString = A4134DCA191A4C4D00833B10;
			remoteInfo = UITableViewCustomCell;
		};
/* End PBXContainerItemProxy section */

/* Begin PBXFileReference section */
		A4134DCB191A4C4D00833B10 /* UITableViewCustomCell.app */ = {isa = PBXFileReference; explicitFileType = wrapper.application; includeInIndex = 0; path = UITableViewCustomCell.app; sourceTree = BUILT_PRODUCTS_DIR; };
		A4134DCE191A4C4D00833B10 /* Foundation.framework */ = {isa = PBXFileReference; lastKnownFileType = wrapper.framework; name = Foundation.framework; path = System/Library/Frameworks/Foundation.framework; sourceTree = SDKROOT; };
		A4134DD0191A4C4D00833B10 /* CoreGraphics.framework */ = {isa = PBXFileReference; lastKnownFileType = wrapper.framework; name = CoreGraphics.framework; path = System/Library/Frameworks/CoreGraphics.framework; sourceTree = SDKROOT; };
		A4134DD2191A4C4D00833B10 /* UIKit.framework */ = {isa = PBXFileReference; lastKnownFileType = wrapper.framework; name = UIKit.framework; path = System/Library/Frameworks/UIKit.framework; sourceTree = SDKROOT; };
		A4134DD6191A4C4D00833B10 /* UITableViewCustomCell-Info.plist */ = {isa = PBXFileReference; lastKnownFileType = text.plist.xml; path = "UITableViewCustomCell-Info.plist"; sourceTree = "<group>"; };
		A4134DD8191A4C4D00833B10 /* en */ = {isa = PBXFileReference; lastKnownFileType = text.plist.strings; name = en; path = en.lproj/InfoPlist.strings; sourceTree = "<group>"; };
		A4134DDA191A4C4D00833B10 /* main.m */ = {isa = PBXFileReference; lastKnownFileType = sourcecode.c.objc; path = main.m; sourceTree = "<group>"; };
		A4134DDC191A4C4D00833B10 /* UITableViewCustomCell-Prefix.pch */ = {isa = PBXFileReference; lastKnownFileType = sourcecode.c.h; path = "UITableViewCustomCell-Prefix.pch"; sourceTree = "<group>"; };
		A4134DDD191A4C4D00833B10 /* UICodeAppDelegate.h */ = {isa = PBXFileReference; lastKnownFileType = sourcecode.c.h; path = UICodeAppDelegate.h; sourceTree = "<group>"; };
		A4134DDE191A4C4D00833B10 /* UICodeAppDelegate.m */ = {isa = PBXFileReference; lastKnownFileType = sourcecode.c.objc; path = UICodeAppDelegate.m; sourceTree = "<group>"; };
		A4134DE0191A4C4D00833B10 /* Images.xcassets */ = {isa = PBXFileReference; lastKnownFileType = folder.assetcatalog; path = Images.xcassets; sourceTree = "<group>"; };
		A4134DE6191A4C4D00833B10 /* UITableViewCustomCellTests.xctest */ = {isa = PBXFileReference; explicitFileType = wrapper.cfbundle; includeInIndex = 0; path = UITableViewCustomCellTests.xctest; sourceTree = BUILT_PRODUCTS_DIR; };
		A4134DE7191A4C4D00833B10 /* XCTest.framework */ = {isa = PBXFileReference; lastKnownFileType = wrapper.framework; name = XCTest.framework; path = Library/Frameworks/XCTest.framework; sourceTree = DEVELOPER_DIR; };
		A4134DEF191A4C4D00833B10 /* UITableViewCustomCellTests-Info.plist */ = {isa = PBXFileReference; lastKnownFileType = text.plist.xml; path = "UITableViewCustomCellTests-Info.plist"; sourceTree = "<group>"; };
		A4134DF1191A4C4D00833B10 /* en */ = {isa = PBXFileReference; lastKnownFileType = text.plist.strings; name = en; path = en.lproj/InfoPlist.strings; sourceTree = "<group>"; };
		A4134DF3191A4C4D00833B10 /* UITableViewCustomCellTests.m */ = {isa = PBXFileReference; lastKnownFileType = sourcecode.c.objc; path = UITableViewCustomCellTests.m; sourceTree = "<group>"; };
		A4134DFD191A4C6E00833B10 /* MyViewController.h */ = {isa = PBXFileReference; fileEncoding = 4; lastKnownFileType = sourcecode.c.h; path = MyViewController.h; sourceTree = "<group>"; };
		A4134DFE191A4C6E00833B10 /* MyViewController.m */ = {isa = PBXFileReference; fileEncoding = 4; lastKnownFileType = sourcecode.c.objc; path = MyViewController.m; sourceTree = "<group>"; };
		A4134E00191A4CBF00833B10 /* CustomCell.h */ = {isa = PBXFileReference; fileEncoding = 4; lastKnownFileType = sourcecode.c.h; path = CustomCell.h; sourceTree = "<group>"; };
		A4134E01191A4CBF00833B10 /* CustomCell.m */ = {isa = PBXFileReference; fileEncoding = 4; lastKnownFileType = sourcecode.c.objc; path = CustomCell.m; sourceTree = "<group>"; };
		A4134E03191A4DCD00833B10 /* headImage.jpg */ = {isa = PBXFileReference; lastKnownFileType = image.jpeg; path = headImage.jpg; sourceTree = "<group>"; };
/* End PBXFileReference section */

/* Begin PBXFrameworksBuildPhase section */
		A4134DC8191A4C4D00833B10 /* Frameworks */ = {
			isa = PBXFrameworksBuildPhase;
			buildActionMask = 2147483647;
			files = (
				A4134DD1191A4C4D00833B10 /* CoreGraphics.framework in Frameworks */,
				A4134DD3191A4C4D00833B10 /* UIKit.framework in Frameworks */,
				A4134DCF191A4C4D00833B10 /* Foundation.framework in Frameworks */,
			);
			runOnlyForDeploymentPostprocessing = 0;
		};
		A4134DE3191A4C4D00833B10 /* Frameworks */ = {
			isa = PBXFrameworksBuildPhase;
			buildActionMask = 2147483647;
			files = (
				A4134DE8191A4C4D00833B10 /* XCTest.framework in Frameworks */,
				A4134DEA191A4C4D00833B10 /* UIKit.framework in Frameworks */,
				A4134DE9191A4C4D00833B10 /* Foundation.framework in Frameworks */,
			);
			runOnlyForDeploymentPostprocessing = 0;
		};
/* End PBXFrameworksBuildPhase section */

/* Begin PBXGroup section */
		A4134DC2191A4C4D00833B10 = {
			isa = PBXGroup;
			children = (
				A4134DD4191A4C4D00833B10 /* UITableViewCustomCell */,
				A4134DED191A4C4D00833B10 /* UITableViewCustomCellTests */,
				A4134DCD191A4C4D00833B10 /* Frameworks */,
				A4134DCC191A4C4D00833B10 /* Products */,
			);
			sourceTree = "<group>";
		};
		A4134DCC191A4C4D00833B10 /* Products */ = {
			isa = PBXGroup;
			children = (
				A4134DCB191A4C4D00833B10 /* UITableViewCustomCell.app */,
				A4134DE6191A4C4D00833B10 /* UITableViewCustomCellTests.xctest */,
			);
			name = Products;
			sourceTree = "<group>";
		};
		A4134DCD191A4C4D00833B10 /* Frameworks */ = {
			isa = PBXGroup;
			children = (
				A4134DCE191A4C4D00833B10 /* Foundation.framework */,
				A4134DD0191A4C4D00833B10 /* CoreGraphics.framework */,
				A4134DD2191A4C4D00833B10 /* UIKit.framework */,
				A4134DE7191A4C4D00833B10 /* XCTest.framework */,
			);
			name = Frameworks;
			sourceTree = "<group>";
		};
		A4134DD4191A4C4D00833B10 /* UITableViewCustomCell */ = {
			isa = PBXGroup;
			children = (
				A4134DDD191A4C4D00833B10 /* UICodeAppDelegate.h */,
				A4134DDE191A4C4D00833B10 /* UICodeAppDelegate.m */,
				A4134E00191A4CBF00833B10 /* CustomCell.h */,
				A4134E01191A4CBF00833B10 /* CustomCell.m */,
				A4134DFD191A4C6E00833B10 /* MyViewController.h */,
				A4134DFE191A4C6E00833B10 /* MyViewController.m */,
				A4134DE0191A4C4D00833B10 /* Images.xcassets */,
				A4134DD5191A4C4D00833B10 /* Supporting Files */,
			);
			path = UITableViewCustomCell;
			sourceTree = "<group>";
		};
		A4134DD5191A4C4D00833B10 /* Supporting Files */ = {
			isa = PBXGroup;
			children = (
				A4134E03191A4DCD00833B10 /* headImage.jpg */,
				A4134DD6191A4C4D00833B10 /* UITableViewCustomCell-Info.plist */,
				A4134DD7191A4C4D00833B10 /* InfoPlist.strings */,
				A4134DDA191A4C4D00833B10 /* main.m */,
				A4134DDC191A4C4D00833B10 /* UITableViewCustomCell-Prefix.pch */,
			);
			name = "Supporting Files";
			sourceTree = "<group>";
		};
		A4134DED191A4C4D00833B10 /* UITableViewCustomCellTests */ = {
			isa = PBXGroup;
			children = (
				A4134DF3191A4C4D00833B10 /* UITableViewCustomCellTests.m */,
				A4134DEE191A4C4D00833B10 /* Supporting Files */,
			);
			path = UITableViewCustomCellTests;
			sourceTree = "<group>";
		};
		A4134DEE191A4C4D00833B10 /* Supporting Files */ = {
			isa = PBXGroup;
			children = (
				A4134DEF191A4C4D00833B10 /* UITableViewCustomCellTests-Info.plist */,
				A4134DF0191A4C4D00833B10 /* InfoPlist.strings */,
			);
			name = "Supporting Files";
			sourceTree = "<group>";
		};
/* End PBXGroup section */

/* Begin PBXNativeTarget section */
		A4134DCA191A4C4D00833B10 /* UITableViewCustomCell */ = {
			isa = PBXNativeTarget;
			buildConfigurationList = A4134DF7191A4C4D00833B10 /* Build configuration list for PBXNativeTarget "UITableViewCustomCell" */;
			buildPhases = (
				A4134DC7191A4C4D00833B10 /* Sources */,
				A4134DC8191A4C4D00833B10 /* Frameworks */,
				A4134DC9191A4C4D00833B10 /* Resources */,
			);
			buildRules = (
			);
			dependencies = (
			);
			name = UITableViewCustomCell;
			productName = UITableViewCustomCell;
			productReference = A4134DCB191A4C4D00833B10 /* UITableViewCustomCell.app */;
			productType = "com.apple.product-type.application";
		};
		A4134DE5191A4C4D00833B10 /* UITableViewCustomCellTests */ = {
			isa = PBXNativeTarget;
			buildConfigurationList = A4134DFA191A4C4D00833B10 /* Build configuration list for PBXNativeTarget "UITableViewCustomCellTests" */;
			buildPhases = (
				A4134DE2191A4C4D00833B10 /* Sources */,
				A4134DE3191A4C4D00833B10 /* Frameworks */,
				A4134DE4191A4C4D00833B10 /* Resources */,
			);
			buildRules = (
			);
			dependencies = (
				A4134DEC191A4C4D00833B10 /* PBXTargetDependency */,
			);
			name = UITableViewCustomCellTests;
			productName = UITableViewCustomCellTests;
			productReference = A4134DE6191A4C4D00833B10 /* UITableViewCustomCellTests.xctest */;
			productType = "com.apple.product-type.bundle.unit-test";
		};
/* End PBXNativeTarget section */

/* Begin PBXProject section */
		A4134DC3191A4C4D00833B10 /* Project object */ = {
			isa = PBXProject;
			attributes = {
				CLASSPREFIX = UICode;
				LastUpgradeCheck = 0510;
				ORGANIZATIONNAME = "panda zheng";
				TargetAttributes = {
					A4134DE5191A4C4D00833B10 = {
						TestTargetID = A4134DCA191A4C4D00833B10;
					};
				};
			};
			buildConfigurationList = A4134DC6191A4C4D00833B10 /* Build configuration list for PBXProject "UITableViewCustomCell" */;
			compatibilityVersion = "Xcode 3.2";
			developmentRegion = English;
			hasScannedForEncodings = 0;
			knownRegions = (
				en,
			);
			mainGroup = A4134DC2191A4C4D00833B10;
			productRefGroup = A4134DCC191A4C4D00833B10 /* Products */;
			projectDirPath = "";
			projectRoot = "";
			targets = (
				A4134DCA191A4C4D00833B10 /* UITableViewCustomCell */,
				A4134DE5191A4C4D00833B10 /* UITableViewCustomCellTests */,
			);
		};
/* End PBXProject section */

/* Begin PBXResourcesBuildPhase section */
		A4134DC9191A4C4D00833B10 /* Resources */ = {
			isa = PBXResourcesBuildPhase;
			buildActionMask = 2147483647;
			files = (
				A4134DD9191A4C4D00833B10 /* InfoPlist.strings in Resources */,
				A4134DE1191A4C4D00833B10 /* Images.xcassets in Resources */,
				A4134E04191A4DCD00833B10 /* headImage.jpg in Resources */,
			);
			runOnlyForDeploymentPostprocessing = 0;
		};
		A4134DE4191A4C4D00833B10 /* Resources */ = {
			isa = PBXResourcesBuildPhase;
			buildActionMask = 2147483647;
			files = (
				A4134DF2191A4C4D00833B10 /* InfoPlist.strings in Resources */,
			);
			runOnlyForDeploymentPostprocessing = 0;
		};
/* End PBXResourcesBuildPhase section */

/* Begin PBXSourcesBuildPhase section */
		A4134DC7191A4C4D00833B10 /* Sources */ = {
			isa = PBXSourcesBuildPhase;
			buildActionMask = 2147483647;
			files = (
				A4134DFF191A4C6E00833B10 /* MyViewController.m in Sources */,
				A4134DDB191A4C4D00833B10 /* main.m in Sources */,
				A4134E02191A4CBF00833B10 /* CustomCell.m in Sources */,
				A4134DDF191A4C4D00833B10 /* UICodeAppDelegate.m in Sources */,
			);
			runOnlyForDeploymentPostprocessing = 0;
		};
		A4134DE2191A4C4D00833B10 /* Sources */ = {
			isa = PBXSourcesBuildPhase;
			buildActionMask = 2147483647;
			files = (
				A4134DF4191A4C4D00833B10 /* UITableViewCustomCellTests.m in Sources */,
			);
			runOnlyForDeploymentPostprocessing = 0;
		};
/* End PBXSourcesBuildPhase section */

/* Begin PBXTargetDependency section */
		A4134DEC191A4C4D00833B10 /* PBXTargetDependency */ = {
			isa = PBXTargetDependency;
			target = A4134DCA191A4C4D00833B10 /* UITableViewCustomCell */;
			targetProxy = A4134DEB191A4C4D00833B10 /* PBXContainerItemProxy */;
		};
/* End PBXTargetDependency section */

/* Begin PBXVariantGroup section */
		A4134DD7191A4C4D00833B10 /* InfoPlist.strings */ = {
			isa = PBXVariantGroup;
			children = (
				A4134DD8191A4C4D00833B10 /* en */,
			);
			name = InfoPlist.strings;
			sourceTree = "<group>";
		};
		A4134DF0191A4C4D00833B10 /* InfoPlist.strings */ = {
			isa = PBXVariantGroup;
			children = (
				A4134DF1191A4C4D00833B10 /* en */,
			);
			name = InfoPlist.strings;
			sourceTree = "<group>";
		};
/* End PBXVariantGroup section */

/* Begin XCBuildConfiguration section */
		A4134DF5191A4C4D00833B10 /* Debug */ = {
			isa = XCBuildConfiguration;
			buildSettings = {
				ALWAYS_SEARCH_USER_PATHS = NO;
				CLANG_CXX_LANGUAGE_STANDARD = "gnu++0x";
				CLANG_CXX_LIBRARY = "libc++";
				CLANG_ENABLE_MODULES = YES;
				CLANG_ENABLE_OBJC_ARC = YES;
				CLANG_WARN_BOOL_CONVERSION = YES;
				CLANG_WARN_CONSTANT_CONVERSION = YES;
				CLANG_WARN_DIRECT_OBJC_ISA_USAGE = YES_ERROR;
				CLANG_WARN_EMPTY_BODY = YES;
				CLANG_WARN_ENUM_CONVERSION = YES;
				CLANG_WARN_INT_CONVERSION = YES;
				CLANG_WARN_OBJC_ROOT_CLASS = YES_ERROR;
				CLANG_WARN__DUPLICATE_METHOD_MATCH = YES;
				"CODE_SIGN_IDENTITY[sdk=iphoneos*]" = "iPhone Developer";
				COPY_PHASE_STRIP = NO;
				GCC_C_LANGUAGE_STANDARD = gnu99;
				GCC_DYNAMIC_NO_PIC = NO;
				GCC_OPTIMIZATION_LEVEL = 0;
				GCC_PREPROCESSOR_DEFINITIONS = (
					"DEBUG=1",
					"$(inherited)",
				);
				GCC_SYMBOLS_PRIVATE_EXTERN = NO;
				GCC_WARN_64_TO_32_BIT_CONVERSION = YES;
				GCC_WARN_ABOUT_RETURN_TYPE = YES_ERROR;
				GCC_WARN_UNDECLARED_SELECTOR = YES;
				GCC_WARN_UNINITIALIZED_AUTOS = YES_AGGRESSIVE;
				GCC_WARN_UNUSED_FUNCTION = YES;
				GCC_WARN_UNUSED_VARIABLE = YES;
				IPHONEOS_DEPLOYMENT_TARGET = 7.1;
				ONLY_ACTIVE_ARCH = YES;
				SDKROOT = iphoneos;
				TARGETED_DEVICE_FAMILY = "1,2";
			};
			name = Debug;
		};
		A4134DF6191A4C4D00833B10 /* Release */ = {
			isa = XCBuildConfiguration;
			buildSettings = {
				ALWAYS_SEARCH_USER_PATHS = NO;
				CLANG_CXX_LANGUAGE_STANDARD = "gnu++0x";
				CLANG_CXX_LIBRARY = "libc++";
				CLANG_ENABLE_MODULES = YES;
				CLANG_ENABLE_OBJC_ARC = YES;
				CLANG_WARN_BOOL_CONVERSION = YES;
				CLANG_WARN_CONSTANT_CONVERSION = YES;
				CLANG_WARN_DIRECT_OBJC_ISA_USAGE = YES_ERROR;
				CLANG_WARN_EMPTY_BODY = YES;
				CLANG_WARN_ENUM_CONVERSION = YES;
				CLANG_WARN_INT_CONVERSION = YES;
				CLANG_WARN_OBJC_ROOT_CLASS = YES_ERROR;
				CLANG_WARN__DUPLICATE_METHOD_MATCH = YES;
				"CODE_SIGN_IDENTITY[sdk=iphoneos*]" = "iPhone Developer";
				COPY_PHASE_STRIP = YES;
				ENABLE_NS_ASSERTIONS = NO;
				GCC_C_LANGUAGE_STANDARD = gnu99;
				GCC_WARN_64_TO_32_BIT_CONVERSION = YES;
				GCC_WARN_ABOUT_RETURN_TYPE = YES_ERROR;
				GCC_WARN_UNDECLARED_SELECTOR = YES;
				GCC_WARN_UNINITIALIZED_AUTOS = YES_AGGRESSIVE;
				GCC_WARN_UNUSED_FUNCTION = YES;
				GCC_WARN_UNUSED_VARIABLE = YES;
				IPHONEOS_DEPLOYMENT_TARGET = 7.1;
				SDKROOT = iphoneos;
				TARGETED_DEVICE_FAMILY = "1,2";
				VALIDATE_PRODUCT = YES;
			};
			name = Release;
		};
		A4134DF8191A4C4D00833B10 /* Debug */ = {
			isa = XCBuildConfiguration;
			buildSettings = {
				ASSETCATALOG_COMPILER_APPICON_NAME = AppIcon;
				ASSETCATALOG_COMPILER_LAUNCHIMAGE_NAME = LaunchImage;
				GCC_PRECOMPILE_PREFIX_HEADER = YES;
				GCC_PREFIX_HEADER = "UITableViewCustomCell/UITableViewCustomCell-Prefix.pch";
				INFOPLIST_FILE = "UITableViewCustomCell/UITableViewCustomCell-Info.plist";
				PRODUCT_NAME = "$(TARGET_NAME)";
				WRAPPER_EXTENSION = app;
			};
			name = Debug;
		};
		A4134DF9191A4C4D00833B10 /* Release */ = {
			isa = XCBuildConfiguration;
			buildSettings = {
				ASSETCATALOG_COMPILER_APPICON_NAME = AppIcon;
				ASSETCATALOG_COMPILER_LAUNCHIMAGE_NAME = LaunchImage;
				GCC_PRECOMPILE_PREFIX_HEADER = YES;
				GCC_PREFIX_HEADER = "UITableViewCustomCell/UITableViewCustomCell-Prefix.pch";
				INFOPLIST_FILE = "UITableViewCustomCell/UITableViewCustomCell-Info.plist";
				PRODUCT_NAME = "$(TARGET_NAME)";
				WRAPPER_EXTENSION = app;
			};
			name = Release;
		};
		A4134DFB191A4C4D00833B10 /* Debug */ = {
			isa = XCBuildConfiguration;
			buildSettings = {
				BUNDLE_LOADER = "$(BUILT_PRODUCTS_DIR)/UITableViewCustomCell.app/UITableViewCustomCell";
				FRAMEWORK_SEARCH_PATHS = (
					"$(SDKROOT)/Developer/Library/Frameworks",
					"$(inherited)",
					"$(DEVELOPER_FRAMEWORKS_DIR)",
				);
				GCC_PRECOMPILE_PREFIX_HEADER = YES;
				GCC_PREFIX_HEADER = "UITableViewCustomCell/UITableViewCustomCell-Prefix.pch";
				GCC_PREPROCESSOR_DEFINITIONS = (
					"DEBUG=1",
					"$(inherited)",
				);
				INFOPLIST_FILE = "UITableViewCustomCellTests/UITableViewCustomCellTests-Info.plist";
				PRODUCT_NAME = "$(TARGET_NAME)";
				TEST_HOST = "$(BUNDLE_LOADER)";
				WRAPPER_EXTENSION = xctest;
			};
			name = Debug;
		};
		A4134DFC191A4C4D00833B10 /* Release */ = {
			isa = XCBuildConfiguration;
			buildSettings = {
				BUNDLE_LOADER = "$(BUILT_PRODUCTS_DIR)/UITableViewCustomCell.app/UITableViewCustomCell";
				FRAMEWORK_SEARCH_PATHS = (
					"$(SDKROOT)/Developer/Library/Frameworks",
					"$(inherited)",
					"$(DEVELOPER_FRAMEWORKS_DIR)",
				);
				GCC_PRECOMPILE_PREFIX_HEADER = YES;
				GCC_PREFIX_HEADER = "UITableViewCustomCell/UITableViewCustomCell-Prefix.pch";
				INFOPLIST_FILE = "UITableViewCustomCellTests/UITableViewCustomCellTests-Info.plist";
				PRODUCT_NAME = "$(TARGET_NAME)";
				TEST_HOST = "$(BUNDLE_LOADER)";
				WRAPPER_EXTENSION = xctest;
			};
			name = Release;
		};
/* End XCBuildConfiguration section */

/* Begin XCConfigurationList section */
		A4134DC6191A4C4D00833B10 /* Build configuration list for PBXProject "UITableViewCustomCell" */ = {
			isa = XCConfigurationList;
			buildConfigurations = (
				A4134DF5191A4C4D00833B10 /* Debug */,
				A4134DF6191A4C4D00833B10 /* Release */,
			);
			defaultConfigurationIsVisible = 0;
			defaultConfigurationName = Release;
		};
		A4134DF7191A4C4D00833B10 /* Build configuration list for PBXNativeTarget "UITableViewCustomCell" */ = {
			isa = XCConfigurationList;
			buildConfigurations = (
				A4134DF8191A4C4D00833B10 /* Debug */,
				A4134DF9191A4C4D00833B10 /* Release */,
			);
			defaultConfigurationIsVisible = 0;
		};
		A4134DFA191A4C4D00833B10 /* Build configuration list for PBXNativeTarget "UITableViewCustomCellTests" */ = {
			isa = XCConfigurationList;
			buildConfigurations = (
				A4134DFB191A4C4D00833B10 /* Debug */,
				A4134DFC191A4C4D00833B10 /* Release */,
			);
			defaultConfigurationIsVisible = 0;
		};
/* End XCConfigurationList section */
	};
	rootObject = A4134DC3191A4C4D00833B10 /* Project object */;
}
