// !$*UTF8*$!
{
	archiveVersion = 1;
	classes = {
	};
	objectVersion = 46;
	objects = {

/* Begin PBXBuildFile section */
		A4111129191FCE2300B2600A /* Foundation.framework in Frameworks */ = {isa = PBXBuildFile; fileRef = A4111128191FCE2300B2600A /* Foundation.framework */; };
		A411112B191FCE2300B2600A /* CoreGraphics.framework in Frameworks */ = {isa = PBXBuildFile; fileRef = A411112A191FCE2300B2600A /* CoreGraphics.framework */; };
		A411112D191FCE2300B2600A /* UIKit.framework in Frameworks */ = {isa = PBXBuildFile; fileRef = A411112C191FCE2300B2600A /* UIKit.framework */; };
		A4111133191FCE2300B2600A /* InfoPlist.strings in Resources */ = {isa = PBXBuildFile; fileRef = A4111131191FCE2300B2600A /* InfoPlist.strings */; };
		A4111135191FCE2300B2600A /* main.m in Sources */ = {isa = PBXBuildFile; fileRef = A4111134191FCE2300B2600A /* main.m */; };
		A4111139191FCE2300B2600A /* SFAppDelegate.m in Sources */ = {isa = PBXBuildFile; fileRef = A4111138191FCE2300B2600A /* SFAppDelegate.m */; };
		A411113C191FCE2400B2600A /* Main.storyboard in Resources */ = {isa = PBXBuildFile; fileRef = A411113A191FCE2400B2600A /* Main.storyboard */; };
		A411113F191FCE2400B2600A /* SFViewController.m in Sources */ = {isa = PBXBuildFile; fileRef = A411113E191FCE2400B2600A /* SFViewController.m */; };
		A4111141191FCE2400B2600A /* Images.xcassets in Resources */ = {isa = PBXBuildFile; fileRef = A4111140191FCE2400B2600A /* Images.xcassets */; };
		A4111148191FCE2400B2600A /* XCTest.framework in Frameworks */ = {isa = PBXBuildFile; fileRef = A4111147191FCE2400B2600A /* XCTest.framework */; };
		A4111149191FCE2400B2600A /* Foundation.framework in Frameworks */ = {isa = PBXBuildFile; fileRef = A4111128191FCE2300B2600A /* Foundation.framework */; };
		A411114A191FCE2400B2600A /* UIKit.framework in Frameworks */ = {isa = PBXBuildFile; fileRef = A411112C191FCE2300B2600A /* UIKit.framework */; };
		A4111152191FCE2400B2600A /* InfoPlist.strings in Resources */ = {isa = PBXBuildFile; fileRef = A4111150191FCE2400B2600A /* InfoPlist.strings */; };
		A4111154191FCE2400B2600A /* SnowFallTests.m in Sources */ = {isa = PBXBuildFile; fileRef = A4111153191FCE2400B2600A /* SnowFallTests.m */; };
		A411115F191FCF0D00B2600A /* flake.png in Resources */ = {isa = PBXBuildFile; fileRef = A411115E191FCF0D00B2600A /* flake.png */; };
/* End PBXBuildFile section */

/* Begin PBXContainerItemProxy section */
		A411114B191FCE2400B2600A /* PBXContainerItemProxy */ = {
			isa = PBXContainerItemProxy;
			containerPortal = A411111D191FCE2300B2600A /* Project object */;
			proxyType = 1;
			remoteGlobalIDString = A4111124191FCE2300B2600A;
			remoteInfo = SnowFall;
		};
/* End PBXContainerItemProxy section */

/* Begin PBXFileReference section */
		A4111125191FCE2300B2600A /* SnowFall.app */ = {isa = PBXFileReference; explicitFileType = wrapper.application; includeInIndex = 0; path = SnowFall.app; sourceTree = BUILT_PRODUCTS_DIR; };
		A4111128191FCE2300B2600A /* Foundation.framework */ = {isa = PBXFileReference; lastKnownFileType = wrapper.framework; name = Foundation.framework; path = System/Library/Frameworks/Foundation.framework; sourceTree = SDKROOT; };
		A411112A191FCE2300B2600A /* CoreGraphics.framework */ = {isa = PBXFileReference; lastKnownFileType = wrapper.framework; name = CoreGraphics.framework; path = System/Library/Frameworks/CoreGraphics.framework; sourceTree = SDKROOT; };
		A411112C191FCE2300B2600A /* UIKit.framework */ = {isa = PBXFileReference; lastKnownFileType = wrapper.framework; name = UIKit.framework; path = System/Library/Frameworks/UIKit.framework; sourceTree = SDKROOT; };
		A4111130191FCE2300B2600A /* SnowFall-Info.plist */ = {isa = PBXFileReference; lastKnownFileType = text.plist.xml; path = "SnowFall-Info.plist"; sourceTree = "<group>"; };
		A4111132191FCE2300B2600A /* en */ = {isa = PBXFileReference; lastKnownFileType = text.plist.strings; name = en; path = en.lproj/InfoPlist.strings; sourceTree = "<group>"; };
		A4111134191FCE2300B2600A /* main.m */ = {isa = PBXFileReference; lastKnownFileType = sourcecode.c.objc; path = main.m; sourceTree = "<group>"; };
		A4111136191FCE2300B2600A /* SnowFall-Prefix.pch */ = {isa = PBXFileReference; lastKnownFileType = sourcecode.c.h; path = "SnowFall-Prefix.pch"; sourceTree = "<group>"; };
		A4111137191FCE2300B2600A /* SFAppDelegate.h */ = {isa = PBXFileReference; lastKnownFileType = sourcecode.c.h; path = SFAppDelegate.h; sourceTree = "<group>"; };
		A4111138191FCE2300B2600A /* SFAppDelegate.m */ = {isa = PBXFileReference; lastKnownFileType = sourcecode.c.objc; path = SFAppDelegate.m; sourceTree = "<group>"; };
		A411113B191FCE2400B2600A /* Base */ = {isa = PBXFileReference; lastKnownFileType = file.storyboard; name = Base; path = Base.lproj/Main.storyboard; sourceTree = "<group>"; };
		A411113D191FCE2400B2600A /* SFViewController.h */ = {isa = PBXFileReference; lastKnownFileType = sourcecode.c.h; path = SFViewController.h; sourceTree = "<group>"; };
		A411113E191FCE2400B2600A /* SFViewController.m */ = {isa = PBXFileReference; lastKnownFileType = sourcecode.c.objc; path = SFViewController.m; sourceTree = "<group>"; };
		A4111140191FCE2400B2600A /* Images.xcassets */ = {isa = PBXFileReference; lastKnownFileType = folder.assetcatalog; path = Images.xcassets; sourceTree = "<group>"; };
		A4111146191FCE2400B2600A /* SnowFallTests.xctest */ = {isa = PBXFileReference; explicitFileType = wrapper.cfbundle; includeInIndex = 0; path = SnowFallTests.xctest; sourceTree = BUILT_PRODUCTS_DIR; };
		A4111147191FCE2400B2600A /* XCTest.framework */ = {isa = PBXFileReference; lastKnownFileType = wrapper.framework; name = XCTest.framework; path = Library/Frameworks/XCTest.framework; sourceTree = DEVELOPER_DIR; };
		A411114F191FCE2400B2600A /* SnowFallTests-Info.plist */ = {isa = PBXFileReference; lastKnownFileType = text.plist.xml; path = "SnowFallTests-Info.plist"; sourceTree = "<group>"; };
		A4111151191FCE2400B2600A /* en */ = {isa = PBXFileReference; lastKnownFileType = text.plist.strings; name = en; path = en.lproj/InfoPlist.strings; sourceTree = "<group>"; };
		A4111153191FCE2400B2600A /* SnowFallTests.m */ = {isa = PBXFileReference; lastKnownFileType = sourcecode.c.objc; path = SnowFallTests.m; sourceTree = "<group>"; };
		A411115E191FCF0D00B2600A /* flake.png */ = {isa = PBXFileReference; lastKnownFileType = image.png; path = flake.png; sourceTree = "<group>"; };
/* End PBXFileReference section */

/* Begin PBXFrameworksBuildPhase section */
		A4111122191FCE2300B2600A /* Frameworks */ = {
			isa = PBXFrameworksBuildPhase;
			buildActionMask = 2147483647;
			files = (
				A411112B191FCE2300B2600A /* CoreGraphics.framework in Frameworks */,
				A411112D191FCE2300B2600A /* UIKit.framework in Frameworks */,
				A4111129191FCE2300B2600A /* Foundation.framework in Frameworks */,
			);
			runOnlyForDeploymentPostprocessing = 0;
		};
		A4111143191FCE2400B2600A /* Frameworks */ = {
			isa = PBXFrameworksBuildPhase;
			buildActionMask = 2147483647;
			files = (
				A4111148191FCE2400B2600A /* XCTest.framework in Frameworks */,
				A411114A191FCE2400B2600A /* UIKit.framework in Frameworks */,
				A4111149191FCE2400B2600A /* Foundation.framework in Frameworks */,
			);
			runOnlyForDeploymentPostprocessing = 0;
		};
/* End PBXFrameworksBuildPhase section */

/* Begin PBXGroup section */
		A411111C191FCE2300B2600A = {
			isa = PBXGroup;
			children = (
				A411112E191FCE2300B2600A /* SnowFall */,
				A411114D191FCE2400B2600A /* SnowFallTests */,
				A4111127191FCE2300B2600A /* Frameworks */,
				A4111126191FCE2300B2600A /* Products */,
			);
			sourceTree = "<group>";
		};
		A4111126191FCE2300B2600A /* Products */ = {
			isa = PBXGroup;
			children = (
				A4111125191FCE2300B2600A /* SnowFall.app */,
				A4111146191FCE2400B2600A /* SnowFallTests.xctest */,
			);
			name = Products;
			sourceTree = "<group>";
		};
		A4111127191FCE2300B2600A /* Frameworks */ = {
			isa = PBXGroup;
			children = (
				A4111128191FCE2300B2600A /* Foundation.framework */,
				A411112A191FCE2300B2600A /* CoreGraphics.framework */,
				A411112C191FCE2300B2600A /* UIKit.framework */,
				A4111147191FCE2400B2600A /* XCTest.framework */,
			);
			name = Frameworks;
			sourceTree = "<group>";
		};
		A411112E191FCE2300B2600A /* SnowFall */ = {
			isa = PBXGroup;
			children = (
				A4111137191FCE2300B2600A /* SFAppDelegate.h */,
				A4111138191FCE2300B2600A /* SFAppDelegate.m */,
				A411113A191FCE2400B2600A /* Main.storyboard */,
				A411113D191FCE2400B2600A /* SFViewController.h */,
				A411113E191FCE2400B2600A /* SFViewController.m */,
				A4111140191FCE2400B2600A /* Images.xcassets */,
				A411112F191FCE2300B2600A /* Supporting Files */,
			);
			path = SnowFall;
			sourceTree = "<group>";
		};
		A411112F191FCE2300B2600A /* Supporting Files */ = {
			isa = PBXGroup;
			children = (
				A411115D191FCF0000B2600A /* Resources */,
				A4111130191FCE2300B2600A /* SnowFall-Info.plist */,
				A4111131191FCE2300B2600A /* InfoPlist.strings */,
				A4111134191FCE2300B2600A /* main.m */,
				A4111136191FCE2300B2600A /* SnowFall-Prefix.pch */,
			);
			name = "Supporting Files";
			sourceTree = "<group>";
		};
		A411114D191FCE2400B2600A /* SnowFallTests */ = {
			isa = PBXGroup;
			children = (
				A4111153191FCE2400B2600A /* SnowFallTests.m */,
				A411114E191FCE2400B2600A /* Supporting Files */,
			);
			path = SnowFallTests;
			sourceTree = "<group>";
		};
		A411114E191FCE2400B2600A /* Supporting Files */ = {
			isa = PBXGroup;
			children = (
				A411114F191FCE2400B2600A /* SnowFallTests-Info.plist */,
				A4111150191FCE2400B2600A /* InfoPlist.strings */,
			);
			name = "Supporting Files";
			sourceTree = "<group>";
		};
		A411115D191FCF0000B2600A /* Resources */ = {
			isa = PBXGroup;
			children = (
				A411115E191FCF0D00B2600A /* flake.png */,
			);
			name = Resources;
			sourceTree = "<group>";
		};
/* End PBXGroup section */

/* Begin PBXNativeTarget section */
		A4111124191FCE2300B2600A /* SnowFall */ = {
			isa = PBXNativeTarget;
			buildConfigurationList = A4111157191FCE2400B2600A /* Build configuration list for PBXNativeTarget "SnowFall" */;
			buildPhases = (
				A4111121191FCE2300B2600A /* Sources */,
				A4111122191FCE2300B2600A /* Frameworks */,
				A4111123191FCE2300B2600A /* Resources */,
			);
			buildRules = (
			);
			dependencies = (
			);
			name = SnowFall;
			productName = SnowFall;
			productReference = A4111125191FCE2300B2600A /* SnowFall.app */;
			productType = "com.apple.product-type.application";
		};
		A4111145191FCE2400B2600A /* SnowFallTests */ = {
			isa = PBXNativeTarget;
			buildConfigurationList = A411115A191FCE2400B2600A /* Build configuration list for PBXNativeTarget "SnowFallTests" */;
			buildPhases = (
				A4111142191FCE2400B2600A /* Sources */,
				A4111143191FCE2400B2600A /* Frameworks */,
				A4111144191FCE2400B2600A /* Resources */,
			);
			buildRules = (
			);
			dependencies = (
				A411114C191FCE2400B2600A /* PBXTargetDependency */,
			);
			name = SnowFallTests;
			productName = SnowFallTests;
			productReference = A4111146191FCE2400B2600A /* SnowFallTests.xctest */;
			productType = "com.apple.product-type.bundle.unit-test";
		};
/* End PBXNativeTarget section */

/* Begin PBXProject section */
		A411111D191FCE2300B2600A /* Project object */ = {
			isa = PBXProject;
			attributes = {
				CLASSPREFIX = SF;
				LastUpgradeCheck = 0510;
				ORGANIZATIONNAME = "panda zheng";
				TargetAttributes = {
					A4111145191FCE2400B2600A = {
						TestTargetID = A4111124191FCE2300B2600A;
					};
				};
			};
			buildConfigurationList = A4111120191FCE2300B2600A /* Build configuration list for PBXProject "SnowFall" */;
			compatibilityVersion = "Xcode 3.2";
			developmentRegion = English;
			hasScannedForEncodings = 0;
			knownRegions = (
				en,
				Base,
			);
			mainGroup = A411111C191FCE2300B2600A;
			productRefGroup = A4111126191FCE2300B2600A /* Products */;
			projectDirPath = "";
			projectRoot = "";
			targets = (
				A4111124191FCE2300B2600A /* SnowFall */,
				A4111145191FCE2400B2600A /* SnowFallTests */,
			);
		};
/* End PBXProject section */

/* Begin PBXResourcesBuildPhase section */
		A4111123191FCE2300B2600A /* Resources */ = {
			isa = PBXResourcesBuildPhase;
			buildActionMask = 2147483647;
			files = (
				A4111141191FCE2400B2600A /* Images.xcassets in Resources */,
				A4111133191FCE2300B2600A /* InfoPlist.strings in Resources */,
				A411113C191FCE2400B2600A /* Main.storyboard in Resources */,
				A411115F191FCF0D00B2600A /* flake.png in Resources */,
			);
			runOnlyForDeploymentPostprocessing = 0;
		};
		A4111144191FCE2400B2600A /* Resources */ = {
			isa = PBXResourcesBuildPhase;
			buildActionMask = 2147483647;
			files = (
				A4111152191FCE2400B2600A /* InfoPlist.strings in Resources */,
			);
			runOnlyForDeploymentPostprocessing = 0;
		};
/* End PBXResourcesBuildPhase section */

/* Begin PBXSourcesBuildPhase section */
		A4111121191FCE2300B2600A /* Sources */ = {
			isa = PBXSourcesBuildPhase;
			buildActionMask = 2147483647;
			files = (
				A4111135191FCE2300B2600A /* main.m in Sources */,
				A411113F191FCE2400B2600A /* SFViewController.m in Sources */,
				A4111139191FCE2300B2600A /* SFAppDelegate.m in Sources */,
			);
			runOnlyForDeploymentPostprocessing = 0;
		};
		A4111142191FCE2400B2600A /* Sources */ = {
			isa = PBXSourcesBuildPhase;
			buildActionMask = 2147483647;
			files = (
				A4111154191FCE2400B2600A /* SnowFallTests.m in Sources */,
			);
			runOnlyForDeploymentPostprocessing = 0;
		};
/* End PBXSourcesBuildPhase section */

/* Begin PBXTargetDependency section */
		A411114C191FCE2400B2600A /* PBXTargetDependency */ = {
			isa = PBXTargetDependency;
			target = A4111124191FCE2300B2600A /* SnowFall */;
			targetProxy = A411114B191FCE2400B2600A /* PBXContainerItemProxy */;
		};
/* End PBXTargetDependency section */

/* Begin PBXVariantGroup section */
		A4111131191FCE2300B2600A /* InfoPlist.strings */ = {
			isa = PBXVariantGroup;
			children = (
				A4111132191FCE2300B2600A /* en */,
			);
			name = InfoPlist.strings;
			sourceTree = "<group>";
		};
		A411113A191FCE2400B2600A /* Main.storyboard */ = {
			isa = PBXVariantGroup;
			children = (
				A411113B191FCE2400B2600A /* Base */,
			);
			name = Main.storyboard;
			sourceTree = "<group>";
		};
		A4111150191FCE2400B2600A /* InfoPlist.strings */ = {
			isa = PBXVariantGroup;
			children = (
				A4111151191FCE2400B2600A /* en */,
			);
			name = InfoPlist.strings;
			sourceTree = "<group>";
		};
/* End PBXVariantGroup section */

/* Begin XCBuildConfiguration section */
		A4111155191FCE2400B2600A /* Debug */ = {
			isa = XCBuildConfiguration;
			buildSettings = {
				ALWAYS_SEARCH_USER_PATHS = NO;
				CLANG_CXX_LANGUAGE_STANDARD = "gnu++0x";
				CLANG_CXX_LIBRARY = "libc++";
				CLANG_ENABLE_MODULES = YES;
				CLANG_ENABLE_OBJC_ARC = YES;
				CLANG_WARN_BOOL_CONVERSION = YES;
				CLANG_WARN_CONSTANT_CONVERSION = YES;
				CLANG_WARN_DIRECT_OBJC_ISA_USAGE = YES_ERROR;
				CLANG_WARN_EMPTY_BODY = YES;
				CLANG_WARN_ENUM_CONVERSION = YES;
				CLANG_WARN_INT_CONVERSION = YES;
				CLANG_WARN_OBJC_ROOT_CLASS = YES_ERROR;
				CLANG_WARN__DUPLICATE_METHOD_MATCH = YES;
				"CODE_SIGN_IDENTITY[sdk=iphoneos*]" = "iPhone Developer";
				COPY_PHASE_STRIP = NO;
				GCC_C_LANGUAGE_STANDARD = gnu99;
				GCC_DYNAMIC_NO_PIC = NO;
				GCC_OPTIMIZATION_LEVEL = 0;
				GCC_PREPROCESSOR_DEFINITIONS = (
					"DEBUG=1",
					"$(inherited)",
				);
				GCC_SYMBOLS_PRIVATE_EXTERN = NO;
				GCC_WARN_64_TO_32_BIT_CONVERSION = YES;
				GCC_WARN_ABOUT_RETURN_TYPE = YES_ERROR;
				GCC_WARN_UNDECLARED_SELECTOR = YES;
				GCC_WARN_UNINITIALIZED_AUTOS = YES_AGGRESSIVE;
				GCC_WARN_UNUSED_FUNCTION = YES;
				GCC_WARN_UNUSED_VARIABLE = YES;
				IPHONEOS_DEPLOYMENT_TARGET = 7.1;
				ONLY_ACTIVE_ARCH = YES;
				SDKROOT = iphoneos;
			};
			name = Debug;
		};
		A4111156191FCE2400B2600A /* Release */ = {
			isa = XCBuildConfiguration;
			buildSettings = {
				ALWAYS_SEARCH_USER_PATHS = NO;
				CLANG_CXX_LANGUAGE_STANDARD = "gnu++0x";
				CLANG_CXX_LIBRARY = "libc++";
				CLANG_ENABLE_MODULES = YES;
				CLANG_ENABLE_OBJC_ARC = YES;
				CLANG_WARN_BOOL_CONVERSION = YES;
				CLANG_WARN_CONSTANT_CONVERSION = YES;
				CLANG_WARN_DIRECT_OBJC_ISA_USAGE = YES_ERROR;
				CLANG_WARN_EMPTY_BODY = YES;
				CLANG_WARN_ENUM_CONVERSION = YES;
				CLANG_WARN_INT_CONVERSION = YES;
				CLANG_WARN_OBJC_ROOT_CLASS = YES_ERROR;
				CLANG_WARN__DUPLICATE_METHOD_MATCH = YES;
				"CODE_SIGN_IDENTITY[sdk=iphoneos*]" = "iPhone Developer";
				COPY_PHASE_STRIP = YES;
				ENABLE_NS_ASSERTIONS = NO;
				GCC_C_LANGUAGE_STANDARD = gnu99;
				GCC_WARN_64_TO_32_BIT_CONVERSION = YES;
				GCC_WARN_ABOUT_RETURN_TYPE = YES_ERROR;
				GCC_WARN_UNDECLARED_SELECTOR = YES;
				GCC_WARN_UNINITIALIZED_AUTOS = YES_AGGRESSIVE;
				GCC_WARN_UNUSED_FUNCTION = YES;
				GCC_WARN_UNUSED_VARIABLE = YES;
				IPHONEOS_DEPLOYMENT_TARGET = 7.1;
				SDKROOT = iphoneos;
				VALIDATE_PRODUCT = YES;
			};
			name = Release;
		};
		A4111158191FCE2400B2600A /* Debug */ = {
			isa = XCBuildConfiguration;
			buildSettings = {
				ASSETCATALOG_COMPILER_APPICON_NAME = AppIcon;
				ASSETCATALOG_COMPILER_LAUNCHIMAGE_NAME = LaunchImage;
				GCC_PRECOMPILE_PREFIX_HEADER = YES;
				GCC_PREFIX_HEADER = "SnowFall/SnowFall-Prefix.pch";
				INFOPLIST_FILE = "SnowFall/SnowFall-Info.plist";
				PRODUCT_NAME = "$(TARGET_NAME)";
				WRAPPER_EXTENSION = app;
			};
			name = Debug;
		};
		A4111159191FCE2400B2600A /* Release */ = {
			isa = XCBuildConfiguration;
			buildSettings = {
				ASSETCATALOG_COMPILER_APPICON_NAME = AppIcon;
				ASSETCATALOG_COMPILER_LAUNCHIMAGE_NAME = LaunchImage;
				GCC_PRECOMPILE_PREFIX_HEADER = YES;
				GCC_PREFIX_HEADER = "SnowFall/SnowFall-Prefix.pch";
				INFOPLIST_FILE = "SnowFall/SnowFall-Info.plist";
				PRODUCT_NAME = "$(TARGET_NAME)";
				WRAPPER_EXTENSION = app;
			};
			name = Release;
		};
		A411115B191FCE2400B2600A /* Debug */ = {
			isa = XCBuildConfiguration;
			buildSettings = {
				BUNDLE_LOADER = "$(BUILT_PRODUCTS_DIR)/SnowFall.app/SnowFall";
				FRAMEWORK_SEARCH_PATHS = (
					"$(SDKROOT)/Developer/Library/Frameworks",
					"$(inherited)",
					"$(DEVELOPER_FRAMEWORKS_DIR)",
				);
				GCC_PRECOMPILE_PREFIX_HEADER = YES;
				GCC_PREFIX_HEADER = "SnowFall/SnowFall-Prefix.pch";
				GCC_PREPROCESSOR_DEFINITIONS = (
					"DEBUG=1",
					"$(inherited)",
				);
				INFOPLIST_FILE = "SnowFallTests/SnowFallTests-Info.plist";
				PRODUCT_NAME = "$(TARGET_NAME)";
				TEST_HOST = "$(BUNDLE_LOADER)";
				WRAPPER_EXTENSION = xctest;
			};
			name = Debug;
		};
		A411115C191FCE2400B2600A /* Release */ = {
			isa = XCBuildConfiguration;
			buildSettings = {
				BUNDLE_LOADER = "$(BUILT_PRODUCTS_DIR)/SnowFall.app/SnowFall";
				FRAMEWORK_SEARCH_PATHS = (
					"$(SDKROOT)/Developer/Library/Frameworks",
					"$(inherited)",
					"$(DEVELOPER_FRAMEWORKS_DIR)",
				);
				GCC_PRECOMPILE_PREFIX_HEADER = YES;
				GCC_PREFIX_HEADER = "SnowFall/SnowFall-Prefix.pch";
				INFOPLIST_FILE = "SnowFallTests/SnowFallTests-Info.plist";
				PRODUCT_NAME = "$(TARGET_NAME)";
				TEST_HOST = "$(BUNDLE_LOADER)";
				WRAPPER_EXTENSION = xctest;
			};
			name = Release;
		};
/* End XCBuildConfiguration section */

/* Begin XCConfigurationList section */
		A4111120191FCE2300B2600A /* Build configuration list for PBXProject "SnowFall" */ = {
			isa = XCConfigurationList;
			buildConfigurations = (
				A4111155191FCE2400B2600A /* Debug */,
				A4111156191FCE2400B2600A /* Release */,
			);
			defaultConfigurationIsVisible = 0;
			defaultConfigurationName = Release;
		};
		A4111157191FCE2400B2600A /* Build configuration list for PBXNativeTarget "SnowFall" */ = {
			isa = XCConfigurationList;
			buildConfigurations = (
				A4111158191FCE2400B2600A /* Debug */,
				A4111159191FCE2400B2600A /* Release */,
			);
			defaultConfigurationIsVisible = 0;
		};
		A411115A191FCE2400B2600A /* Build configuration list for PBXNativeTarget "SnowFallTests" */ = {
			isa = XCConfigurationList;
			buildConfigurations = (
				A411115B191FCE2400B2600A /* Debug */,
				A411115C191FCE2400B2600A /* Release */,
			);
			defaultConfigurationIsVisible = 0;
		};
/* End XCConfigurationList section */
	};
	rootObject = A411111D191FCE2300B2600A /* Project object */;
}
